// !$*UTF8*$!
{
	archiveVersion = 1;
	classes = {
	};
	objectVersion = 56;
	objects = {

/* Begin PBXBuildFile section */
		2AC2D9E14BFE58A42955DD0F /* Pods_Sushi_SushiUITests.framework in Frameworks */ = {isa = PBXBuildFile; fileRef = 33E4AE337EF37E1B11BF1E89 /* Pods_Sushi_SushiUITests.framework */; };
		841A7B4E2A0E21D7006330A8 /* YTPlayer.html in Resources */ = {isa = PBXBuildFile; fileRef = 841A7B4D2A0E21D7006330A8 /* YTPlayer.html */; };
		843B3E7729F8F06100FB3969 /* OrderViewModel.swift in Sources */ = {isa = PBXBuildFile; fileRef = 843B3E7429F8F06100FB3969 /* OrderViewModel.swift */; };
		843B3E7829F8F06100FB3969 /* OrderViewController.swift in Sources */ = {isa = PBXBuildFile; fileRef = 843B3E7529F8F06100FB3969 /* OrderViewController.swift */; };
		843B3E7929F8F06100FB3969 /* OrderViewController.xib in Resources */ = {isa = PBXBuildFile; fileRef = 843B3E7629F8F06100FB3969 /* OrderViewController.xib */; };
		843B3E8029F9019000FB3969 /* OrderListView.swift in Sources */ = {isa = PBXBuildFile; fileRef = 843B3E7F29F9019000FB3969 /* OrderListView.swift */; };
		843B3E8229F9019800FB3969 /* OrderListView.xib in Resources */ = {isa = PBXBuildFile; fileRef = 843B3E8129F9019800FB3969 /* OrderListView.xib */; };
		843B3E8429F9095B00FB3969 /* NGSCustomizableView.swift in Sources */ = {isa = PBXBuildFile; fileRef = 843B3E8329F9095B00FB3969 /* NGSCustomizableView.swift */; };
		843B3E8729F90AEA00FB3969 /* OrderListCollectionViewCell.swift in Sources */ = {isa = PBXBuildFile; fileRef = 843B3E8529F90AEA00FB3969 /* OrderListCollectionViewCell.swift */; };
		843B3E8829F90AEA00FB3969 /* OrderListCollectionViewCell.xib in Resources */ = {isa = PBXBuildFile; fileRef = 843B3E8629F90AEA00FB3969 /* OrderListCollectionViewCell.xib */; };
		843B3E8A29F90B4D00FB3969 /* NGSCustomizableImageView.swift in Sources */ = {isa = PBXBuildFile; fileRef = 843B3E8929F90B4D00FB3969 /* NGSCustomizableImageView.swift */; };
		8498F5CC29FBC41000FC23EB /* StarscreamWebSocketManager.swift in Sources */ = {isa = PBXBuildFile; fileRef = 8498F5CB29FBC41000FC23EB /* StarscreamWebSocketManager.swift */; };
		849B23F12A0DDECB008C86C8 /* TYCycleCell.swift in Sources */ = {isa = PBXBuildFile; fileRef = 849B23EF2A0DDECB008C86C8 /* TYCycleCell.swift */; };
		849B23F22A0DDECB008C86C8 /* TYCycleCell.xib in Resources */ = {isa = PBXBuildFile; fileRef = 849B23F02A0DDECB008C86C8 /* TYCycleCell.xib */; };
		849B23F72A0E0579008C86C8 /* PlayerViewController.swift in Sources */ = {isa = PBXBuildFile; fileRef = 849B23F52A0E0579008C86C8 /* PlayerViewController.swift */; };
		849B23F82A0E0579008C86C8 /* PlayerViewController.xib in Resources */ = {isa = PBXBuildFile; fileRef = 849B23F62A0E0579008C86C8 /* PlayerViewController.xib */; };
		849B23FA2A0E1275008C86C8 /* PlayerView.swift in Sources */ = {isa = PBXBuildFile; fileRef = 849B23F92A0E1275008C86C8 /* PlayerView.swift */; };
		849B23FC2A0E127E008C86C8 /* PlayerView.xib in Resources */ = {isa = PBXBuildFile; fileRef = 849B23FB2A0E127E008C86C8 /* PlayerView.xib */; };
		849B23FE2A0E1FE3008C86C8 /* YouTubePlayer.swift in Sources */ = {isa = PBXBuildFile; fileRef = 849B23FD2A0E1FE3008C86C8 /* YouTubePlayer.swift */; };
		849B471B29F0E888002E4C60 /* AppDelegate.swift in Sources */ = {isa = PBXBuildFile; fileRef = 849B471A29F0E888002E4C60 /* AppDelegate.swift */; };
		849B471D29F0E888002E4C60 /* SceneDelegate.swift in Sources */ = {isa = PBXBuildFile; fileRef = 849B471C29F0E888002E4C60 /* SceneDelegate.swift */; };
		849B471F29F0E888002E4C60 /* ViewController.swift in Sources */ = {isa = PBXBuildFile; fileRef = 849B471E29F0E888002E4C60 /* ViewController.swift */; };
		849B472229F0E888002E4C60 /* Main.storyboard in Resources */ = {isa = PBXBuildFile; fileRef = 849B472029F0E888002E4C60 /* Main.storyboard */; };
		849B472429F0E889002E4C60 /* Assets.xcassets in Resources */ = {isa = PBXBuildFile; fileRef = 849B472329F0E889002E4C60 /* Assets.xcassets */; };
		849B472729F0E889002E4C60 /* LaunchScreen.storyboard in Resources */ = {isa = PBXBuildFile; fileRef = 849B472529F0E889002E4C60 /* LaunchScreen.storyboard */; };
		849B473229F0E889002E4C60 /* SushiTests.swift in Sources */ = {isa = PBXBuildFile; fileRef = 849B473129F0E889002E4C60 /* SushiTests.swift */; };
		849B473C29F0E889002E4C60 /* SushiUITests.swift in Sources */ = {isa = PBXBuildFile; fileRef = 849B473B29F0E889002E4C60 /* SushiUITests.swift */; };
		849B473E29F0E889002E4C60 /* SushiUITestsLaunchTests.swift in Sources */ = {isa = PBXBuildFile; fileRef = 849B473D29F0E889002E4C60 /* SushiUITestsLaunchTests.swift */; };
		849B474B29F10E01002E4C60 /* MenuInfoView.swift in Sources */ = {isa = PBXBuildFile; fileRef = 849B474A29F10E01002E4C60 /* MenuInfoView.swift */; };
		849B474D29F10E0A002E4C60 /* MenuInfoView.xib in Resources */ = {isa = PBXBuildFile; fileRef = 849B474C29F10E0A002E4C60 /* MenuInfoView.xib */; };
		849B475029F10E44002E4C60 /* NibOwnerLoadable.swift in Sources */ = {isa = PBXBuildFile; fileRef = 849B474F29F10E44002E4C60 /* NibOwnerLoadable.swift */; };
		849B475229F10E4C002E4C60 /* GlobalUtil.swift in Sources */ = {isa = PBXBuildFile; fileRef = 849B475129F10E4C002E4C60 /* GlobalUtil.swift */; };
		849B475429F10E54002E4C60 /* Extension.swift in Sources */ = {isa = PBXBuildFile; fileRef = 849B475329F10E54002E4C60 /* Extension.swift */; };
		849B475B29F11C8D002E4C60 /* MenuTitleCollectionViewCell.swift in Sources */ = {isa = PBXBuildFile; fileRef = 849B475929F11C8D002E4C60 /* MenuTitleCollectionViewCell.swift */; };
		849B475C29F11C8D002E4C60 /* MenuTitleCollectionViewCell.xib in Resources */ = {isa = PBXBuildFile; fileRef = 849B475A29F11C8D002E4C60 /* MenuTitleCollectionViewCell.xib */; };
		849B475E29F11D8A002E4C60 /* NGSCustomizableButton.swift in Sources */ = {isa = PBXBuildFile; fileRef = 849B475D29F11D8A002E4C60 /* NGSCustomizableButton.swift */; };
		849B476029F11E2D002E4C60 /* MenuViewController.swift in Sources */ = {isa = PBXBuildFile; fileRef = 849B475F29F11E2D002E4C60 /* MenuViewController.swift */; };
		849B476229F11E75002E4C60 /* MenuViews.swift in Sources */ = {isa = PBXBuildFile; fileRef = 849B476129F11E75002E4C60 /* MenuViews.swift */; };
		849B476529F12123002E4C60 /* MenuViewModel.swift in Sources */ = {isa = PBXBuildFile; fileRef = 849B476429F12123002E4C60 /* MenuViewModel.swift */; };
		849B476929F12612002E4C60 /* RoundCornersView.swift in Sources */ = {isa = PBXBuildFile; fileRef = 849B476829F12612002E4C60 /* RoundCornersView.swift */; };
		849B476C29F1272A002E4C60 /* MenuModel.swift in Sources */ = {isa = PBXBuildFile; fileRef = 849B476B29F1272A002E4C60 /* MenuModel.swift */; };
		849B476F29F1344E002E4C60 /* SushiCollectionViewCell.swift in Sources */ = {isa = PBXBuildFile; fileRef = 849B476D29F1344E002E4C60 /* SushiCollectionViewCell.swift */; };
		849B477029F1344E002E4C60 /* SushiCollectionViewCell.xib in Resources */ = {isa = PBXBuildFile; fileRef = 849B476E29F1344E002E4C60 /* SushiCollectionViewCell.xib */; };
		849CA9372A009F82008779B0 /* MenuServiceView.swift in Sources */ = {isa = PBXBuildFile; fileRef = 849CA9362A009F82008779B0 /* MenuServiceView.swift */; };
		849CA9392A009F89008779B0 /* MenuServiceView.xib in Resources */ = {isa = PBXBuildFile; fileRef = 849CA9382A009F89008779B0 /* MenuServiceView.xib */; };
		849CA93F2A00A754008779B0 /* OrderSQLite.swift in Sources */ = {isa = PBXBuildFile; fileRef = 849CA93E2A00A754008779B0 /* OrderSQLite.swift */; };
		849CA9412A00D597008779B0 /* ExtensionUserDefaults.swift in Sources */ = {isa = PBXBuildFile; fileRef = 849CA9402A00D597008779B0 /* ExtensionUserDefaults.swift */; };
		849CA94B2A010200008779B0 /* ServerView.swift in Sources */ = {isa = PBXBuildFile; fileRef = 849CA94A2A010200008779B0 /* ServerView.swift */; };
		849CA94D2A01020E008779B0 /* ServerView.xib in Resources */ = {isa = PBXBuildFile; fileRef = 849CA94C2A01020E008779B0 /* ServerView.xib */; };
		849FB4DD29F2195B002340F9 /* LoginViewController.swift in Sources */ = {isa = PBXBuildFile; fileRef = 849FB4DB29F2195B002340F9 /* LoginViewController.swift */; };
		849FB4E029F21B1C002340F9 /* BaseViewController.swift in Sources */ = {isa = PBXBuildFile; fileRef = 849FB4DF29F21B1C002340F9 /* BaseViewController.swift */; };
		849FB4E429F2274F002340F9 /* LoginViewModel.swift in Sources */ = {isa = PBXBuildFile; fileRef = 849FB4E329F2274F002340F9 /* LoginViewModel.swift */; };
		849FB4E629F22765002340F9 /* LoginModel.swift in Sources */ = {isa = PBXBuildFile; fileRef = 849FB4E529F22765002340F9 /* LoginModel.swift */; };
		849FB4EE29F23FF9002340F9 /* SuShiSingleton.swift in Sources */ = {isa = PBXBuildFile; fileRef = 849FB4ED29F23FF9002340F9 /* SuShiSingleton.swift */; };
		849FB4F029F24151002340F9 /* Validations.swift in Sources */ = {isa = PBXBuildFile; fileRef = 849FB4EF29F24151002340F9 /* Validations.swift */; };
		849FB4F229F27A44002340F9 /* LoginViewController.xib in Resources */ = {isa = PBXBuildFile; fileRef = 849FB4F129F27A44002340F9 /* LoginViewController.xib */; };
		849FB4F429F280FA002340F9 /* SystemInfo.swift in Sources */ = {isa = PBXBuildFile; fileRef = 849FB4F329F280FA002340F9 /* SystemInfo.swift */; };
		849FC3EE29FB53F600A86794 /* TwToEng.swift in Sources */ = {isa = PBXBuildFile; fileRef = 849FC3ED29FB53F600A86794 /* TwToEng.swift */; };
		849FC3FD29FB6DA400A86794 /* ExtensionRx.swift in Sources */ = {isa = PBXBuildFile; fileRef = 849FC3FC29FB6DA400A86794 /* ExtensionRx.swift */; };
		849FC3FF29FB6E3400A86794 /* ExtensionStoryboard.swift in Sources */ = {isa = PBXBuildFile; fileRef = 849FC3FE29FB6E3400A86794 /* ExtensionStoryboard.swift */; };
		849FC40129FB6E9100A86794 /* ExtensionUI.swift in Sources */ = {isa = PBXBuildFile; fileRef = 849FC40029FB6E9100A86794 /* ExtensionUI.swift */; };
		84A013592A022A4300D4139E /* ServiceHeaderView.swift in Sources */ = {isa = PBXBuildFile; fileRef = 84A013582A022A4300D4139E /* ServiceHeaderView.swift */; };
		84A0135B2A022B5900D4139E /* ServiceHeaderView.xib in Resources */ = {isa = PBXBuildFile; fileRef = 84A0135A2A022B5900D4139E /* ServiceHeaderView.xib */; };
		84A013602A02594300D4139E /* record.mp3 in Resources */ = {isa = PBXBuildFile; fileRef = 84A0135D2A02594200D4139E /* record.mp3 */; };
		84A013612A02594300D4139E /* checkout.mp3 in Resources */ = {isa = PBXBuildFile; fileRef = 84A0135E2A02594300D4139E /* checkout.mp3 */; };
		84A013622A02594300D4139E /* service.mp3 in Resources */ = {isa = PBXBuildFile; fileRef = 84A0135F2A02594300D4139E /* service.mp3 */; };
		84A013642A025A9400D4139E /* arrived.mp3 in Resources */ = {isa = PBXBuildFile; fileRef = 84A013632A025A9400D4139E /* arrived.mp3 */; };
		84A013682A025BE400D4139E /* RecordFooterView.swift in Sources */ = {isa = PBXBuildFile; fileRef = 84A013672A025BE400D4139E /* RecordFooterView.swift */; };
		84A0136A2A025BEC00D4139E /* RecordFooterView.xib in Resources */ = {isa = PBXBuildFile; fileRef = 84A013692A025BEB00D4139E /* RecordFooterView.xib */; };
		84A25FAB2A04C70C0079996E /* BaseView.swift in Sources */ = {isa = PBXBuildFile; fileRef = 84A25FAA2A04C70C0079996E /* BaseView.swift */; };
		84A332822A132A23005E9042 /* ZLCollectionBaseDecorationView.m in Sources */ = {isa = PBXBuildFile; fileRef = 84A332702A132A23005E9042 /* ZLCollectionBaseDecorationView.m */; };
		84A332832A132A23005E9042 /* ZLCellFakeView.m in Sources */ = {isa = PBXBuildFile; fileRef = 84A332712A132A23005E9042 /* ZLCellFakeView.m */; };
		84A332842A132A23005E9042 /* ZLCollectionViewLayoutAttributes.m in Sources */ = {isa = PBXBuildFile; fileRef = 84A332722A132A23005E9042 /* ZLCollectionViewLayoutAttributes.m */; };
		84A332852A132A23005E9042 /* ZLCollectionViewHorzontalLayout.m in Sources */ = {isa = PBXBuildFile; fileRef = 84A332762A132A23005E9042 /* ZLCollectionViewHorzontalLayout.m */; };
		84A332862A132A23005E9042 /* ZLCollectionReusableView.m in Sources */ = {isa = PBXBuildFile; fileRef = 84A332772A132A23005E9042 /* ZLCollectionReusableView.m */; };
		84A332872A132A23005E9042 /* ZLCollectionViewBaseFlowLayout.m in Sources */ = {isa = PBXBuildFile; fileRef = 84A332782A132A23005E9042 /* ZLCollectionViewBaseFlowLayout.m */; };
		84A332882A132A23005E9042 /* ZLCollectionViewBackgroundViewLayoutAttributes.m in Sources */ = {isa = PBXBuildFile; fileRef = 84A3327C2A132A23005E9042 /* ZLCollectionViewBackgroundViewLayoutAttributes.m */; };
		84A332892A132A23005E9042 /* ZLBaseEventModel.m in Sources */ = {isa = PBXBuildFile; fileRef = 84A3327D2A132A23005E9042 /* ZLBaseEventModel.m */; };
		84A3328A2A132A23005E9042 /* ZLCollectionViewVerticalLayout.m in Sources */ = {isa = PBXBuildFile; fileRef = 84A332802A132A23005E9042 /* ZLCollectionViewVerticalLayout.m */; };
		84A464592A0A0CF4003ED6E0 /* SushiContanerCollectionViewCell.swift in Sources */ = {isa = PBXBuildFile; fileRef = 84A464572A0A0CF4003ED6E0 /* SushiContanerCollectionViewCell.swift */; };
		84A4645A2A0A0CF4003ED6E0 /* SushiContanerCollectionViewCell.xib in Resources */ = {isa = PBXBuildFile; fileRef = 84A464582A0A0CF4003ED6E0 /* SushiContanerCollectionViewCell.xib */; };
		84A4645C2A0A2863003ED6E0 /* BaseCollectionViewCell.swift in Sources */ = {isa = PBXBuildFile; fileRef = 84A4645B2A0A2863003ED6E0 /* BaseCollectionViewCell.swift */; };
		84A55DCB2A03AE630055C5A7 /* OrderSQLModel.swift in Sources */ = {isa = PBXBuildFile; fileRef = 84A55DCA2A03AE630055C5A7 /* OrderSQLModel.swift */; };
		84A55DCF2A03B5A80055C5A7 /* RecordViewModel.swift in Sources */ = {isa = PBXBuildFile; fileRef = 84A55DCE2A03B5A80055C5A7 /* RecordViewModel.swift */; };
		84A5FAB029F6140100781C03 /* GoogleService-Info.plist in Resources */ = {isa = PBXBuildFile; fileRef = 84A5FAAF29F6140100781C03 /* GoogleService-Info.plist */; };
		84A5FAB229F6157100781C03 /* FireBaseManager.swift in Sources */ = {isa = PBXBuildFile; fileRef = 84A5FAB129F6157100781C03 /* FireBaseManager.swift */; };
		84A5FAB429F6352500781C03 /* ToastView.swift in Sources */ = {isa = PBXBuildFile; fileRef = 84A5FAB329F6352500781C03 /* ToastView.swift */; };
		84A85FD52A0CD8E600E81D0C /* UrlSchemeFactory.swift in Sources */ = {isa = PBXBuildFile; fileRef = 84A85FD42A0CD8E600E81D0C /* UrlSchemeFactory.swift */; };
		84A85FD92A0CEC1F00E81D0C /* BannerTYCycleView.swift in Sources */ = {isa = PBXBuildFile; fileRef = 84A85FD82A0CEC1F00E81D0C /* BannerTYCycleView.swift */; };
		84A85FDB2A0CEC2A00E81D0C /* BannerTYCycleView.xib in Resources */ = {isa = PBXBuildFile; fileRef = 84A85FDA2A0CEC2A00E81D0C /* BannerTYCycleView.xib */; };
		84AA819529F7A2C3009DA56D /* Zip4Sequence.swift in Sources */ = {isa = PBXBuildFile; fileRef = 84AA819429F7A2C3009DA56D /* Zip4Sequence.swift */; };
		84AC6A1C2A08FAE500E629E8 /* SushiLinearCollectionViewCell.swift in Sources */ = {isa = PBXBuildFile; fileRef = 84AC6A1A2A08FAE500E629E8 /* SushiLinearCollectionViewCell.swift */; };
		84AC6A1D2A08FAE500E629E8 /* SushiLinearCollectionViewCell.xib in Resources */ = {isa = PBXBuildFile; fileRef = 84AC6A1B2A08FAE500E629E8 /* SushiLinearCollectionViewCell.xib */; };
		84B2AF0429FB911000ABC4D9 /* Operators.swift in Sources */ = {isa = PBXBuildFile; fileRef = 84B2AF0329FB911000ABC4D9 /* Operators.swift */; };
		84B2AF0829FB9ED000ABC4D9 /* BaseViewModel.swift in Sources */ = {isa = PBXBuildFile; fileRef = 84B2AF0729FB9ED000ABC4D9 /* BaseViewModel.swift */; };
		84B2AF0B29FBAB4900ABC4D9 /* WebViewViewController.swift in Sources */ = {isa = PBXBuildFile; fileRef = 84B2AF0929FBAB4900ABC4D9 /* WebViewViewController.swift */; };
		84B2AF0C29FBAB4900ABC4D9 /* WebViewViewController.xib in Resources */ = {isa = PBXBuildFile; fileRef = 84B2AF0A29FBAB4900ABC4D9 /* WebViewViewController.xib */; };
		84C0EB5829F28F0B00B7D2CE /* AddSushiViewController.swift in Sources */ = {isa = PBXBuildFile; fileRef = 84C0EB5629F28F0B00B7D2CE /* AddSushiViewController.swift */; };
		84C0EB5929F28F0B00B7D2CE /* AddSushiViewController.xib in Resources */ = {isa = PBXBuildFile; fileRef = 84C0EB5729F28F0B00B7D2CE /* AddSushiViewController.xib */; };
		84C0EB5B29F28FE600B7D2CE /* CameraView.swift in Sources */ = {isa = PBXBuildFile; fileRef = 84C0EB5A29F28FE600B7D2CE /* CameraView.swift */; };
		84C0EB5D29F2900100B7D2CE /* CameraView.xib in Resources */ = {isa = PBXBuildFile; fileRef = 84C0EB5C29F2900100B7D2CE /* CameraView.xib */; };
		84C0EB5F29F2967000B7D2CE /* AddSushiViewModel.swift in Sources */ = {isa = PBXBuildFile; fileRef = 84C0EB5E29F2967000B7D2CE /* AddSushiViewModel.swift */; };
		84D99E512A11F85A00B998DF /* CollectionViewWaterfallLayout.swift in Sources */ = {isa = PBXBuildFile; fileRef = 84D99E502A11F85A00B998DF /* CollectionViewWaterfallLayout.swift */; };
		84DDFE7B29FA3A2200EABFEE /* RecordViewController.swift in Sources */ = {isa = PBXBuildFile; fileRef = 84DDFE7929FA3A2200EABFEE /* RecordViewController.swift */; };
		84DDFE7C29FA3A2200EABFEE /* RecordViewController.xib in Resources */ = {isa = PBXBuildFile; fileRef = 84DDFE7A29FA3A2200EABFEE /* RecordViewController.xib */; };
		84DDFE8129FA5EDD00EABFEE /* RecordTableViewCell.swift in Sources */ = {isa = PBXBuildFile; fileRef = 84DDFE7F29FA5EDD00EABFEE /* RecordTableViewCell.swift */; };
		84DDFE8229FA5EDD00EABFEE /* RecordTableViewCell.xib in Resources */ = {isa = PBXBuildFile; fileRef = 84DDFE8029FA5EDD00EABFEE /* RecordTableViewCell.xib */; };
		84DDFE8529FA7DAC00EABFEE /* BaseNavViewController.swift in Sources */ = {isa = PBXBuildFile; fileRef = 84DDFE8429FA7DAC00EABFEE /* BaseNavViewController.swift */; };
		B9E5FCDD0539B79B73547A2E /* Pods_Sushi.framework in Frameworks */ = {isa = PBXBuildFile; fileRef = 2E1789481A2B1D64D36D2B93 /* Pods_Sushi.framework */; };
		C07CC5796BFB25B329B0C5D7 /* Pods_SushiTests.framework in Frameworks */ = {isa = PBXBuildFile; fileRef = 381382C7FC6030484D9A4C99 /* Pods_SushiTests.framework */; };
/* End PBXBuildFile section */

/* Begin PBXContainerItemProxy section */
		849B472E29F0E889002E4C60 /* PBXContainerItemProxy */ = {
			isa = PBXContainerItemProxy;
			containerPortal = 849B470F29F0E888002E4C60 /* Project object */;
			proxyType = 1;
			remoteGlobalIDString = 849B471629F0E888002E4C60;
			remoteInfo = Sushi;
		};
		849B473829F0E889002E4C60 /* PBXContainerItemProxy */ = {
			isa = PBXContainerItemProxy;
			containerPortal = 849B470F29F0E888002E4C60 /* Project object */;
			proxyType = 1;
			remoteGlobalIDString = 849B471629F0E888002E4C60;
			remoteInfo = Sushi;
		};
/* End PBXContainerItemProxy section */

/* Begin PBXFileReference section */
		2E1789481A2B1D64D36D2B93 /* Pods_Sushi.framework */ = {isa = PBXFileReference; explicitFileType = wrapper.framework; includeInIndex = 0; path = Pods_Sushi.framework; sourceTree = BUILT_PRODUCTS_DIR; };
		33E4AE337EF37E1B11BF1E89 /* Pods_Sushi_SushiUITests.framework */ = {isa = PBXFileReference; explicitFileType = wrapper.framework; includeInIndex = 0; path = Pods_Sushi_SushiUITests.framework; sourceTree = BUILT_PRODUCTS_DIR; };
		381382C7FC6030484D9A4C99 /* Pods_SushiTests.framework */ = {isa = PBXFileReference; explicitFileType = wrapper.framework; includeInIndex = 0; path = Pods_SushiTests.framework; sourceTree = BUILT_PRODUCTS_DIR; };
		38AA86006685883A7C423889 /* Pods-SushiTests.release.xcconfig */ = {isa = PBXFileReference; includeInIndex = 1; lastKnownFileType = text.xcconfig; name = "Pods-SushiTests.release.xcconfig"; path = "Target Support Files/Pods-SushiTests/Pods-SushiTests.release.xcconfig"; sourceTree = "<group>"; };
		5470DC83A478BDA252752B8B /* Pods-SushiTests.debug.xcconfig */ = {isa = PBXFileReference; includeInIndex = 1; lastKnownFileType = text.xcconfig; name = "Pods-SushiTests.debug.xcconfig"; path = "Target Support Files/Pods-SushiTests/Pods-SushiTests.debug.xcconfig"; sourceTree = "<group>"; };
		7144797BA434190504EF2093 /* Pods-Sushi-SushiUITests.release.xcconfig */ = {isa = PBXFileReference; includeInIndex = 1; lastKnownFileType = text.xcconfig; name = "Pods-Sushi-SushiUITests.release.xcconfig"; path = "Target Support Files/Pods-Sushi-SushiUITests/Pods-Sushi-SushiUITests.release.xcconfig"; sourceTree = "<group>"; };
		841A7B4D2A0E21D7006330A8 /* YTPlayer.html */ = {isa = PBXFileReference; fileEncoding = 4; lastKnownFileType = text.html; path = YTPlayer.html; sourceTree = "<group>"; };
		843B3E7429F8F06100FB3969 /* OrderViewModel.swift */ = {isa = PBXFileReference; fileEncoding = 4; lastKnownFileType = sourcecode.swift; path = OrderViewModel.swift; sourceTree = "<group>"; };
		843B3E7529F8F06100FB3969 /* OrderViewController.swift */ = {isa = PBXFileReference; fileEncoding = 4; lastKnownFileType = sourcecode.swift; path = OrderViewController.swift; sourceTree = "<group>"; };
		843B3E7629F8F06100FB3969 /* OrderViewController.xib */ = {isa = PBXFileReference; fileEncoding = 4; lastKnownFileType = file.xib; path = OrderViewController.xib; sourceTree = "<group>"; };
		843B3E7F29F9019000FB3969 /* OrderListView.swift */ = {isa = PBXFileReference; lastKnownFileType = sourcecode.swift; path = OrderListView.swift; sourceTree = "<group>"; };
		843B3E8129F9019800FB3969 /* OrderListView.xib */ = {isa = PBXFileReference; lastKnownFileType = file.xib; path = OrderListView.xib; sourceTree = "<group>"; };
		843B3E8329F9095B00FB3969 /* NGSCustomizableView.swift */ = {isa = PBXFileReference; fileEncoding = 4; lastKnownFileType = sourcecode.swift; path = NGSCustomizableView.swift; sourceTree = "<group>"; };
		843B3E8529F90AEA00FB3969 /* OrderListCollectionViewCell.swift */ = {isa = PBXFileReference; lastKnownFileType = sourcecode.swift; path = OrderListCollectionViewCell.swift; sourceTree = "<group>"; };
		843B3E8629F90AEA00FB3969 /* OrderListCollectionViewCell.xib */ = {isa = PBXFileReference; lastKnownFileType = file.xib; path = OrderListCollectionViewCell.xib; sourceTree = "<group>"; };
		843B3E8929F90B4D00FB3969 /* NGSCustomizableImageView.swift */ = {isa = PBXFileReference; fileEncoding = 4; lastKnownFileType = sourcecode.swift; path = NGSCustomizableImageView.swift; sourceTree = "<group>"; };
		8498F5CB29FBC41000FC23EB /* StarscreamWebSocketManager.swift */ = {isa = PBXFileReference; lastKnownFileType = sourcecode.swift; path = StarscreamWebSocketManager.swift; sourceTree = "<group>"; };
		849B23EF2A0DDECB008C86C8 /* TYCycleCell.swift */ = {isa = PBXFileReference; lastKnownFileType = sourcecode.swift; path = TYCycleCell.swift; sourceTree = "<group>"; };
		849B23F02A0DDECB008C86C8 /* TYCycleCell.xib */ = {isa = PBXFileReference; lastKnownFileType = file.xib; path = TYCycleCell.xib; sourceTree = "<group>"; };
		849B23F52A0E0579008C86C8 /* PlayerViewController.swift */ = {isa = PBXFileReference; lastKnownFileType = sourcecode.swift; path = PlayerViewController.swift; sourceTree = "<group>"; };
		849B23F62A0E0579008C86C8 /* PlayerViewController.xib */ = {isa = PBXFileReference; lastKnownFileType = file.xib; path = PlayerViewController.xib; sourceTree = "<group>"; };
		849B23F92A0E1275008C86C8 /* PlayerView.swift */ = {isa = PBXFileReference; lastKnownFileType = sourcecode.swift; path = PlayerView.swift; sourceTree = "<group>"; };
		849B23FB2A0E127E008C86C8 /* PlayerView.xib */ = {isa = PBXFileReference; lastKnownFileType = file.xib; path = PlayerView.xib; sourceTree = "<group>"; };
		849B23FD2A0E1FE3008C86C8 /* YouTubePlayer.swift */ = {isa = PBXFileReference; lastKnownFileType = sourcecode.swift; path = YouTubePlayer.swift; sourceTree = "<group>"; };
		849B471729F0E888002E4C60 /* Sushi.app */ = {isa = PBXFileReference; explicitFileType = wrapper.application; includeInIndex = 0; path = Sushi.app; sourceTree = BUILT_PRODUCTS_DIR; };
		849B471A29F0E888002E4C60 /* AppDelegate.swift */ = {isa = PBXFileReference; lastKnownFileType = sourcecode.swift; path = AppDelegate.swift; sourceTree = "<group>"; };
		849B471C29F0E888002E4C60 /* SceneDelegate.swift */ = {isa = PBXFileReference; lastKnownFileType = sourcecode.swift; path = SceneDelegate.swift; sourceTree = "<group>"; };
		849B471E29F0E888002E4C60 /* ViewController.swift */ = {isa = PBXFileReference; lastKnownFileType = sourcecode.swift; path = ViewController.swift; sourceTree = "<group>"; };
		849B472129F0E888002E4C60 /* Base */ = {isa = PBXFileReference; lastKnownFileType = file.storyboard; name = Base; path = Base.lproj/Main.storyboard; sourceTree = "<group>"; };
		849B472329F0E889002E4C60 /* Assets.xcassets */ = {isa = PBXFileReference; lastKnownFileType = folder.assetcatalog; path = Assets.xcassets; sourceTree = "<group>"; };
		849B472629F0E889002E4C60 /* Base */ = {isa = PBXFileReference; lastKnownFileType = file.storyboard; name = Base; path = Base.lproj/LaunchScreen.storyboard; sourceTree = "<group>"; };
		849B472829F0E889002E4C60 /* Info.plist */ = {isa = PBXFileReference; lastKnownFileType = text.plist.xml; path = Info.plist; sourceTree = "<group>"; };
		849B472D29F0E889002E4C60 /* SushiTests.xctest */ = {isa = PBXFileReference; explicitFileType = wrapper.cfbundle; includeInIndex = 0; path = SushiTests.xctest; sourceTree = BUILT_PRODUCTS_DIR; };
		849B473129F0E889002E4C60 /* SushiTests.swift */ = {isa = PBXFileReference; lastKnownFileType = sourcecode.swift; path = SushiTests.swift; sourceTree = "<group>"; };
		849B473729F0E889002E4C60 /* SushiUITests.xctest */ = {isa = PBXFileReference; explicitFileType = wrapper.cfbundle; includeInIndex = 0; path = SushiUITests.xctest; sourceTree = BUILT_PRODUCTS_DIR; };
		849B473B29F0E889002E4C60 /* SushiUITests.swift */ = {isa = PBXFileReference; lastKnownFileType = sourcecode.swift; path = SushiUITests.swift; sourceTree = "<group>"; };
		849B473D29F0E889002E4C60 /* SushiUITestsLaunchTests.swift */ = {isa = PBXFileReference; lastKnownFileType = sourcecode.swift; path = SushiUITestsLaunchTests.swift; sourceTree = "<group>"; };
		849B474A29F10E01002E4C60 /* MenuInfoView.swift */ = {isa = PBXFileReference; lastKnownFileType = sourcecode.swift; path = MenuInfoView.swift; sourceTree = "<group>"; };
		849B474C29F10E0A002E4C60 /* MenuInfoView.xib */ = {isa = PBXFileReference; lastKnownFileType = file.xib; path = MenuInfoView.xib; sourceTree = "<group>"; };
		849B474F29F10E44002E4C60 /* NibOwnerLoadable.swift */ = {isa = PBXFileReference; fileEncoding = 4; lastKnownFileType = sourcecode.swift; path = NibOwnerLoadable.swift; sourceTree = "<group>"; };
		849B475129F10E4C002E4C60 /* GlobalUtil.swift */ = {isa = PBXFileReference; fileEncoding = 4; lastKnownFileType = sourcecode.swift; path = GlobalUtil.swift; sourceTree = "<group>"; };
		849B475329F10E54002E4C60 /* Extension.swift */ = {isa = PBXFileReference; fileEncoding = 4; lastKnownFileType = sourcecode.swift; path = Extension.swift; sourceTree = "<group>"; };
		849B475929F11C8D002E4C60 /* MenuTitleCollectionViewCell.swift */ = {isa = PBXFileReference; lastKnownFileType = sourcecode.swift; path = MenuTitleCollectionViewCell.swift; sourceTree = "<group>"; };
		849B475A29F11C8D002E4C60 /* MenuTitleCollectionViewCell.xib */ = {isa = PBXFileReference; lastKnownFileType = file.xib; path = MenuTitleCollectionViewCell.xib; sourceTree = "<group>"; };
		849B475D29F11D8A002E4C60 /* NGSCustomizableButton.swift */ = {isa = PBXFileReference; fileEncoding = 4; lastKnownFileType = sourcecode.swift; path = NGSCustomizableButton.swift; sourceTree = "<group>"; };
		849B475F29F11E2D002E4C60 /* MenuViewController.swift */ = {isa = PBXFileReference; lastKnownFileType = sourcecode.swift; path = MenuViewController.swift; sourceTree = "<group>"; };
		849B476129F11E75002E4C60 /* MenuViews.swift */ = {isa = PBXFileReference; lastKnownFileType = sourcecode.swift; path = MenuViews.swift; sourceTree = "<group>"; };
		849B476429F12123002E4C60 /* MenuViewModel.swift */ = {isa = PBXFileReference; lastKnownFileType = sourcecode.swift; path = MenuViewModel.swift; sourceTree = "<group>"; };
		849B476829F12612002E4C60 /* RoundCornersView.swift */ = {isa = PBXFileReference; fileEncoding = 4; lastKnownFileType = sourcecode.swift; path = RoundCornersView.swift; sourceTree = "<group>"; };
		849B476B29F1272A002E4C60 /* MenuModel.swift */ = {isa = PBXFileReference; lastKnownFileType = sourcecode.swift; path = MenuModel.swift; sourceTree = "<group>"; };
		849B476D29F1344E002E4C60 /* SushiCollectionViewCell.swift */ = {isa = PBXFileReference; lastKnownFileType = sourcecode.swift; path = SushiCollectionViewCell.swift; sourceTree = "<group>"; };
		849B476E29F1344E002E4C60 /* SushiCollectionViewCell.xib */ = {isa = PBXFileReference; lastKnownFileType = file.xib; path = SushiCollectionViewCell.xib; sourceTree = "<group>"; };
		849CA9362A009F82008779B0 /* MenuServiceView.swift */ = {isa = PBXFileReference; lastKnownFileType = sourcecode.swift; path = MenuServiceView.swift; sourceTree = "<group>"; };
		849CA9382A009F89008779B0 /* MenuServiceView.xib */ = {isa = PBXFileReference; lastKnownFileType = file.xib; path = MenuServiceView.xib; sourceTree = "<group>"; };
		849CA93E2A00A754008779B0 /* OrderSQLite.swift */ = {isa = PBXFileReference; lastKnownFileType = sourcecode.swift; path = OrderSQLite.swift; sourceTree = "<group>"; };
		849CA9402A00D597008779B0 /* ExtensionUserDefaults.swift */ = {isa = PBXFileReference; fileEncoding = 4; lastKnownFileType = sourcecode.swift; path = ExtensionUserDefaults.swift; sourceTree = "<group>"; };
		849CA94A2A010200008779B0 /* ServerView.swift */ = {isa = PBXFileReference; lastKnownFileType = sourcecode.swift; path = ServerView.swift; sourceTree = "<group>"; };
		849CA94C2A01020E008779B0 /* ServerView.xib */ = {isa = PBXFileReference; lastKnownFileType = file.xib; path = ServerView.xib; sourceTree = "<group>"; };
		849FB4DB29F2195B002340F9 /* LoginViewController.swift */ = {isa = PBXFileReference; lastKnownFileType = sourcecode.swift; path = LoginViewController.swift; sourceTree = "<group>"; };
		849FB4DF29F21B1C002340F9 /* BaseViewController.swift */ = {isa = PBXFileReference; lastKnownFileType = sourcecode.swift; path = BaseViewController.swift; sourceTree = "<group>"; };
		849FB4E329F2274F002340F9 /* LoginViewModel.swift */ = {isa = PBXFileReference; lastKnownFileType = sourcecode.swift; path = LoginViewModel.swift; sourceTree = "<group>"; };
		849FB4E529F22765002340F9 /* LoginModel.swift */ = {isa = PBXFileReference; lastKnownFileType = sourcecode.swift; path = LoginModel.swift; sourceTree = "<group>"; };
		849FB4ED29F23FF9002340F9 /* SuShiSingleton.swift */ = {isa = PBXFileReference; lastKnownFileType = sourcecode.swift; path = SuShiSingleton.swift; sourceTree = "<group>"; };
		849FB4EF29F24151002340F9 /* Validations.swift */ = {isa = PBXFileReference; fileEncoding = 4; lastKnownFileType = sourcecode.swift; path = Validations.swift; sourceTree = "<group>"; };
		849FB4F129F27A44002340F9 /* LoginViewController.xib */ = {isa = PBXFileReference; fileEncoding = 4; lastKnownFileType = file.xib; path = LoginViewController.xib; sourceTree = "<group>"; };
		849FB4F329F280FA002340F9 /* SystemInfo.swift */ = {isa = PBXFileReference; fileEncoding = 4; lastKnownFileType = sourcecode.swift; path = SystemInfo.swift; sourceTree = "<group>"; };
		849FC3ED29FB53F600A86794 /* TwToEng.swift */ = {isa = PBXFileReference; lastKnownFileType = sourcecode.swift; path = TwToEng.swift; sourceTree = "<group>"; };
		849FC3FC29FB6DA400A86794 /* ExtensionRx.swift */ = {isa = PBXFileReference; lastKnownFileType = sourcecode.swift; path = ExtensionRx.swift; sourceTree = "<group>"; };
		849FC3FE29FB6E3400A86794 /* ExtensionStoryboard.swift */ = {isa = PBXFileReference; lastKnownFileType = sourcecode.swift; path = ExtensionStoryboard.swift; sourceTree = "<group>"; };
		849FC40029FB6E9100A86794 /* ExtensionUI.swift */ = {isa = PBXFileReference; lastKnownFileType = sourcecode.swift; path = ExtensionUI.swift; sourceTree = "<group>"; };
		84A013582A022A4300D4139E /* ServiceHeaderView.swift */ = {isa = PBXFileReference; lastKnownFileType = sourcecode.swift; path = ServiceHeaderView.swift; sourceTree = "<group>"; };
		84A0135A2A022B5900D4139E /* ServiceHeaderView.xib */ = {isa = PBXFileReference; fileEncoding = 4; lastKnownFileType = file.xib; path = ServiceHeaderView.xib; sourceTree = "<group>"; };
		84A0135D2A02594200D4139E /* record.mp3 */ = {isa = PBXFileReference; lastKnownFileType = audio.mp3; path = record.mp3; sourceTree = "<group>"; };
		84A0135E2A02594300D4139E /* checkout.mp3 */ = {isa = PBXFileReference; lastKnownFileType = audio.mp3; path = checkout.mp3; sourceTree = "<group>"; };
		84A0135F2A02594300D4139E /* service.mp3 */ = {isa = PBXFileReference; lastKnownFileType = audio.mp3; path = service.mp3; sourceTree = "<group>"; };
		84A013632A025A9400D4139E /* arrived.mp3 */ = {isa = PBXFileReference; lastKnownFileType = audio.mp3; path = arrived.mp3; sourceTree = "<group>"; };
		84A013672A025BE400D4139E /* RecordFooterView.swift */ = {isa = PBXFileReference; lastKnownFileType = sourcecode.swift; path = RecordFooterView.swift; sourceTree = "<group>"; };
		84A013692A025BEB00D4139E /* RecordFooterView.xib */ = {isa = PBXFileReference; lastKnownFileType = file.xib; path = RecordFooterView.xib; sourceTree = "<group>"; };
		84A25FAA2A04C70C0079996E /* BaseView.swift */ = {isa = PBXFileReference; lastKnownFileType = sourcecode.swift; path = BaseView.swift; sourceTree = "<group>"; };
		84A332702A132A23005E9042 /* ZLCollectionBaseDecorationView.m */ = {isa = PBXFileReference; fileEncoding = 4; lastKnownFileType = sourcecode.c.objc; path = ZLCollectionBaseDecorationView.m; sourceTree = "<group>"; };
		84A332712A132A23005E9042 /* ZLCellFakeView.m */ = {isa = PBXFileReference; fileEncoding = 4; lastKnownFileType = sourcecode.c.objc; path = ZLCellFakeView.m; sourceTree = "<group>"; };
		84A332722A132A23005E9042 /* ZLCollectionViewLayoutAttributes.m */ = {isa = PBXFileReference; fileEncoding = 4; lastKnownFileType = sourcecode.c.objc; path = ZLCollectionViewLayoutAttributes.m; sourceTree = "<group>"; };
		84A332732A132A23005E9042 /* ZLBaseEventModel.h */ = {isa = PBXFileReference; fileEncoding = 4; lastKnownFileType = sourcecode.c.h; path = ZLBaseEventModel.h; sourceTree = "<group>"; };
		84A332742A132A23005E9042 /* ZLCollectionViewBackgroundViewLayoutAttributes.h */ = {isa = PBXFileReference; fileEncoding = 4; lastKnownFileType = sourcecode.c.h; path = ZLCollectionViewBackgroundViewLayoutAttributes.h; sourceTree = "<group>"; };
		84A332752A132A23005E9042 /* ZLCollectionViewVerticalLayout.h */ = {isa = PBXFileReference; fileEncoding = 4; lastKnownFileType = sourcecode.c.h; path = ZLCollectionViewVerticalLayout.h; sourceTree = "<group>"; };
		84A332762A132A23005E9042 /* ZLCollectionViewHorzontalLayout.m */ = {isa = PBXFileReference; fileEncoding = 4; lastKnownFileType = sourcecode.c.objc; path = ZLCollectionViewHorzontalLayout.m; sourceTree = "<group>"; };
		84A332772A132A23005E9042 /* ZLCollectionReusableView.m */ = {isa = PBXFileReference; fileEncoding = 4; lastKnownFileType = sourcecode.c.objc; path = ZLCollectionReusableView.m; sourceTree = "<group>"; };
		84A332782A132A23005E9042 /* ZLCollectionViewBaseFlowLayout.m */ = {isa = PBXFileReference; fileEncoding = 4; lastKnownFileType = sourcecode.c.objc; path = ZLCollectionViewBaseFlowLayout.m; sourceTree = "<group>"; };
		84A332792A132A23005E9042 /* ZLCollectionViewLayoutAttributes.h */ = {isa = PBXFileReference; fileEncoding = 4; lastKnownFileType = sourcecode.c.h; path = ZLCollectionViewLayoutAttributes.h; sourceTree = "<group>"; };
		84A3327A2A132A23005E9042 /* ZLCellFakeView.h */ = {isa = PBXFileReference; fileEncoding = 4; lastKnownFileType = sourcecode.c.h; path = ZLCellFakeView.h; sourceTree = "<group>"; };
		84A3327B2A132A23005E9042 /* ZLCollectionBaseDecorationView.h */ = {isa = PBXFileReference; fileEncoding = 4; lastKnownFileType = sourcecode.c.h; path = ZLCollectionBaseDecorationView.h; sourceTree = "<group>"; };
		84A3327C2A132A23005E9042 /* ZLCollectionViewBackgroundViewLayoutAttributes.m */ = {isa = PBXFileReference; fileEncoding = 4; lastKnownFileType = sourcecode.c.objc; path = ZLCollectionViewBackgroundViewLayoutAttributes.m; sourceTree = "<group>"; };
		84A3327D2A132A23005E9042 /* ZLBaseEventModel.m */ = {isa = PBXFileReference; fileEncoding = 4; lastKnownFileType = sourcecode.c.objc; path = ZLBaseEventModel.m; sourceTree = "<group>"; };
		84A3327E2A132A23005E9042 /* ZLCollectionReusableView.h */ = {isa = PBXFileReference; fileEncoding = 4; lastKnownFileType = sourcecode.c.h; path = ZLCollectionReusableView.h; sourceTree = "<group>"; };
		84A3327F2A132A23005E9042 /* ZLCollectionViewHorzontalLayout.h */ = {isa = PBXFileReference; fileEncoding = 4; lastKnownFileType = sourcecode.c.h; path = ZLCollectionViewHorzontalLayout.h; sourceTree = "<group>"; };
		84A332802A132A23005E9042 /* ZLCollectionViewVerticalLayout.m */ = {isa = PBXFileReference; fileEncoding = 4; lastKnownFileType = sourcecode.c.objc; path = ZLCollectionViewVerticalLayout.m; sourceTree = "<group>"; };
		84A332812A132A23005E9042 /* ZLCollectionViewBaseFlowLayout.h */ = {isa = PBXFileReference; fileEncoding = 4; lastKnownFileType = sourcecode.c.h; path = ZLCollectionViewBaseFlowLayout.h; sourceTree = "<group>"; };
		84A3328B2A132A5E005E9042 /* SushiBridgeHeader.h */ = {isa = PBXFileReference; lastKnownFileType = sourcecode.c.h; path = SushiBridgeHeader.h; sourceTree = "<group>"; };
		84A464572A0A0CF4003ED6E0 /* SushiContanerCollectionViewCell.swift */ = {isa = PBXFileReference; lastKnownFileType = sourcecode.swift; path = SushiContanerCollectionViewCell.swift; sourceTree = "<group>"; };
		84A464582A0A0CF4003ED6E0 /* SushiContanerCollectionViewCell.xib */ = {isa = PBXFileReference; lastKnownFileType = file.xib; path = SushiContanerCollectionViewCell.xib; sourceTree = "<group>"; };
		84A4645B2A0A2863003ED6E0 /* BaseCollectionViewCell.swift */ = {isa = PBXFileReference; lastKnownFileType = sourcecode.swift; path = BaseCollectionViewCell.swift; sourceTree = "<group>"; };
		84A55DCA2A03AE630055C5A7 /* OrderSQLModel.swift */ = {isa = PBXFileReference; lastKnownFileType = sourcecode.swift; path = OrderSQLModel.swift; sourceTree = "<group>"; };
		84A55DCE2A03B5A80055C5A7 /* RecordViewModel.swift */ = {isa = PBXFileReference; lastKnownFileType = sourcecode.swift; path = RecordViewModel.swift; sourceTree = "<group>"; };
		84A5FAAF29F6140100781C03 /* GoogleService-Info.plist */ = {isa = PBXFileReference; fileEncoding = 4; lastKnownFileType = text.plist.xml; path = "GoogleService-Info.plist"; sourceTree = "<group>"; };
		84A5FAB129F6157100781C03 /* FireBaseManager.swift */ = {isa = PBXFileReference; lastKnownFileType = sourcecode.swift; path = FireBaseManager.swift; sourceTree = "<group>"; };
		84A5FAB329F6352500781C03 /* ToastView.swift */ = {isa = PBXFileReference; fileEncoding = 4; lastKnownFileType = sourcecode.swift; path = ToastView.swift; sourceTree = "<group>"; };
		84A85FD42A0CD8E600E81D0C /* UrlSchemeFactory.swift */ = {isa = PBXFileReference; lastKnownFileType = sourcecode.swift; path = UrlSchemeFactory.swift; sourceTree = "<group>"; };
		84A85FD82A0CEC1F00E81D0C /* BannerTYCycleView.swift */ = {isa = PBXFileReference; lastKnownFileType = sourcecode.swift; path = BannerTYCycleView.swift; sourceTree = "<group>"; };
		84A85FDA2A0CEC2A00E81D0C /* BannerTYCycleView.xib */ = {isa = PBXFileReference; lastKnownFileType = file.xib; path = BannerTYCycleView.xib; sourceTree = "<group>"; };
		84AA819429F7A2C3009DA56D /* Zip4Sequence.swift */ = {isa = PBXFileReference; lastKnownFileType = sourcecode.swift; path = Zip4Sequence.swift; sourceTree = "<group>"; };
		84AC6A1A2A08FAE500E629E8 /* SushiLinearCollectionViewCell.swift */ = {isa = PBXFileReference; lastKnownFileType = sourcecode.swift; path = SushiLinearCollectionViewCell.swift; sourceTree = "<group>"; };
		84AC6A1B2A08FAE500E629E8 /* SushiLinearCollectionViewCell.xib */ = {isa = PBXFileReference; lastKnownFileType = file.xib; path = SushiLinearCollectionViewCell.xib; sourceTree = "<group>"; };
		84B2AF0329FB911000ABC4D9 /* Operators.swift */ = {isa = PBXFileReference; lastKnownFileType = sourcecode.swift; path = Operators.swift; sourceTree = "<group>"; };
		84B2AF0729FB9ED000ABC4D9 /* BaseViewModel.swift */ = {isa = PBXFileReference; lastKnownFileType = sourcecode.swift; path = BaseViewModel.swift; sourceTree = "<group>"; };
		84B2AF0929FBAB4900ABC4D9 /* WebViewViewController.swift */ = {isa = PBXFileReference; lastKnownFileType = sourcecode.swift; path = WebViewViewController.swift; sourceTree = "<group>"; };
		84B2AF0A29FBAB4900ABC4D9 /* WebViewViewController.xib */ = {isa = PBXFileReference; lastKnownFileType = file.xib; path = WebViewViewController.xib; sourceTree = "<group>"; };
		84C0EB5629F28F0B00B7D2CE /* AddSushiViewController.swift */ = {isa = PBXFileReference; lastKnownFileType = sourcecode.swift; path = AddSushiViewController.swift; sourceTree = "<group>"; };
		84C0EB5729F28F0B00B7D2CE /* AddSushiViewController.xib */ = {isa = PBXFileReference; lastKnownFileType = file.xib; path = AddSushiViewController.xib; sourceTree = "<group>"; };
		84C0EB5A29F28FE600B7D2CE /* CameraView.swift */ = {isa = PBXFileReference; lastKnownFileType = sourcecode.swift; path = CameraView.swift; sourceTree = "<group>"; };
		84C0EB5C29F2900100B7D2CE /* CameraView.xib */ = {isa = PBXFileReference; fileEncoding = 4; lastKnownFileType = file.xib; path = CameraView.xib; sourceTree = "<group>"; };
		84C0EB5E29F2967000B7D2CE /* AddSushiViewModel.swift */ = {isa = PBXFileReference; lastKnownFileType = sourcecode.swift; path = AddSushiViewModel.swift; sourceTree = "<group>"; };
		84D99E502A11F85A00B998DF /* CollectionViewWaterfallLayout.swift */ = {isa = PBXFileReference; lastKnownFileType = sourcecode.swift; path = CollectionViewWaterfallLayout.swift; sourceTree = "<group>"; };
		84DDFE7929FA3A2200EABFEE /* RecordViewController.swift */ = {isa = PBXFileReference; lastKnownFileType = sourcecode.swift; path = RecordViewController.swift; sourceTree = "<group>"; };
		84DDFE7A29FA3A2200EABFEE /* RecordViewController.xib */ = {isa = PBXFileReference; lastKnownFileType = file.xib; path = RecordViewController.xib; sourceTree = "<group>"; };
		84DDFE7F29FA5EDD00EABFEE /* RecordTableViewCell.swift */ = {isa = PBXFileReference; lastKnownFileType = sourcecode.swift; path = RecordTableViewCell.swift; sourceTree = "<group>"; };
		84DDFE8029FA5EDD00EABFEE /* RecordTableViewCell.xib */ = {isa = PBXFileReference; lastKnownFileType = file.xib; path = RecordTableViewCell.xib; sourceTree = "<group>"; };
		84DDFE8429FA7DAC00EABFEE /* BaseNavViewController.swift */ = {isa = PBXFileReference; lastKnownFileType = sourcecode.swift; path = BaseNavViewController.swift; sourceTree = "<group>"; };
		9C885B475CDE0C1EBF986587 /* Pods-Sushi.debug.xcconfig */ = {isa = PBXFileReference; includeInIndex = 1; lastKnownFileType = text.xcconfig; name = "Pods-Sushi.debug.xcconfig"; path = "Target Support Files/Pods-Sushi/Pods-Sushi.debug.xcconfig"; sourceTree = "<group>"; };
		B76EC51EFCEFA6B4455C0384 /* Pods-Sushi-SushiUITests.debug.xcconfig */ = {isa = PBXFileReference; includeInIndex = 1; lastKnownFileType = text.xcconfig; name = "Pods-Sushi-SushiUITests.debug.xcconfig"; path = "Target Support Files/Pods-Sushi-SushiUITests/Pods-Sushi-SushiUITests.debug.xcconfig"; sourceTree = "<group>"; };
		C85A19EA684BBF897C4BEBEF /* Pods-Sushi.release.xcconfig */ = {isa = PBXFileReference; includeInIndex = 1; lastKnownFileType = text.xcconfig; name = "Pods-Sushi.release.xcconfig"; path = "Target Support Files/Pods-Sushi/Pods-Sushi.release.xcconfig"; sourceTree = "<group>"; };
/* End PBXFileReference section */

/* Begin PBXFrameworksBuildPhase section */
		849B471429F0E888002E4C60 /* Frameworks */ = {
			isa = PBXFrameworksBuildPhase;
			buildActionMask = 2147483647;
			files = (
				B9E5FCDD0539B79B73547A2E /* Pods_Sushi.framework in Frameworks */,
			);
			runOnlyForDeploymentPostprocessing = 0;
		};
		849B472A29F0E889002E4C60 /* Frameworks */ = {
			isa = PBXFrameworksBuildPhase;
			buildActionMask = 2147483647;
			files = (
				C07CC5796BFB25B329B0C5D7 /* Pods_SushiTests.framework in Frameworks */,
			);
			runOnlyForDeploymentPostprocessing = 0;
		};
		849B473429F0E889002E4C60 /* Frameworks */ = {
			isa = PBXFrameworksBuildPhase;
			buildActionMask = 2147483647;
			files = (
				2AC2D9E14BFE58A42955DD0F /* Pods_Sushi_SushiUITests.framework in Frameworks */,
			);
			runOnlyForDeploymentPostprocessing = 0;
		};
/* End PBXFrameworksBuildPhase section */

/* Begin PBXGroup section */
		843B3E7B29F8F08100FB3969 /* Order */ = {
			isa = PBXGroup;
			children = (
				843B3E7C29F8F08A00FB3969 /* ViewModel */,
				843B3E7D29F8F08E00FB3969 /* ViewController */,
			);
			path = Order;
			sourceTree = "<group>";
		};
		843B3E7C29F8F08A00FB3969 /* ViewModel */ = {
			isa = PBXGroup;
			children = (
				843B3E7429F8F06100FB3969 /* OrderViewModel.swift */,
			);
			path = ViewModel;
			sourceTree = "<group>";
		};
		843B3E7D29F8F08E00FB3969 /* ViewController */ = {
			isa = PBXGroup;
			children = (
				843B3E7529F8F06100FB3969 /* OrderViewController.swift */,
				843B3E7629F8F06100FB3969 /* OrderViewController.xib */,
			);
			path = ViewController;
			sourceTree = "<group>";
		};
		849B470E29F0E888002E4C60 = {
			isa = PBXGroup;
			children = (
				849B471929F0E888002E4C60 /* Sushi */,
				849B473029F0E889002E4C60 /* SushiTests */,
				849B473A29F0E889002E4C60 /* SushiUITests */,
				849B471829F0E888002E4C60 /* Products */,
				F4EDA92F7F576E2BA06B9944 /* Pods */,
				FA2CAA6DB9E342DE13B7FBE2 /* Frameworks */,
			);
			sourceTree = "<group>";
		};
		849B471829F0E888002E4C60 /* Products */ = {
			isa = PBXGroup;
			children = (
				849B471729F0E888002E4C60 /* Sushi.app */,
				849B472D29F0E889002E4C60 /* SushiTests.xctest */,
				849B473729F0E889002E4C60 /* SushiUITests.xctest */,
			);
			name = Products;
			sourceTree = "<group>";
		};
		849B471929F0E888002E4C60 /* Sushi */ = {
			isa = PBXGroup;
			children = (
				84DDFE8329FA7D8B00EABFEE /* Base */,
				849FB4E829F22780002340F9 /* Login */,
				849FB4E729F2277B002340F9 /* Menu */,
				843B3E7B29F8F08100FB3969 /* Order */,
				84DDFE7529FA39F100EABFEE /* Record */,
				84C0EB5129F28BA700B7D2CE /* Add */,
				849E7D122A11C34D00D1CAB1 /* Player */,
				849B475529F10E6A002E4C60 /* Other */,
				849B471A29F0E888002E4C60 /* AppDelegate.swift */,
				849B471C29F0E888002E4C60 /* SceneDelegate.swift */,
				849B471E29F0E888002E4C60 /* ViewController.swift */,
				84A3328B2A132A5E005E9042 /* SushiBridgeHeader.h */,
				849B472329F0E889002E4C60 /* Assets.xcassets */,
				849B472529F0E889002E4C60 /* LaunchScreen.storyboard */,
				84A5FAAF29F6140100781C03 /* GoogleService-Info.plist */,
				849B472829F0E889002E4C60 /* Info.plist */,
			);
			path = Sushi;
			sourceTree = "<group>";
		};
		849B473029F0E889002E4C60 /* SushiTests */ = {
			isa = PBXGroup;
			children = (
				849B473129F0E889002E4C60 /* SushiTests.swift */,
			);
			path = SushiTests;
			sourceTree = "<group>";
		};
		849B473A29F0E889002E4C60 /* SushiUITests */ = {
			isa = PBXGroup;
			children = (
				849B473B29F0E889002E4C60 /* SushiUITests.swift */,
				849B473D29F0E889002E4C60 /* SushiUITestsLaunchTests.swift */,
			);
			path = SushiUITests;
			sourceTree = "<group>";
		};
		849B474E29F10E0E002E4C60 /* View */ = {
			isa = PBXGroup;
			children = (
				849B472029F0E888002E4C60 /* Main.storyboard */,
				849B476129F11E75002E4C60 /* MenuViews.swift */,
				849B474A29F10E01002E4C60 /* MenuInfoView.swift */,
				849B474C29F10E0A002E4C60 /* MenuInfoView.xib */,
				849CA9362A009F82008779B0 /* MenuServiceView.swift */,
				849CA9382A009F89008779B0 /* MenuServiceView.xib */,
				849B475929F11C8D002E4C60 /* MenuTitleCollectionViewCell.swift */,
				849B475A29F11C8D002E4C60 /* MenuTitleCollectionViewCell.xib */,
				84A464572A0A0CF4003ED6E0 /* SushiContanerCollectionViewCell.swift */,
				84A464582A0A0CF4003ED6E0 /* SushiContanerCollectionViewCell.xib */,
				849B476D29F1344E002E4C60 /* SushiCollectionViewCell.swift */,
				849B476E29F1344E002E4C60 /* SushiCollectionViewCell.xib */,
				84AC6A1A2A08FAE500E629E8 /* SushiLinearCollectionViewCell.swift */,
				84AC6A1B2A08FAE500E629E8 /* SushiLinearCollectionViewCell.xib */,
				843B3E7F29F9019000FB3969 /* OrderListView.swift */,
				843B3E8129F9019800FB3969 /* OrderListView.xib */,
				843B3E8529F90AEA00FB3969 /* OrderListCollectionViewCell.swift */,
				843B3E8629F90AEA00FB3969 /* OrderListCollectionViewCell.xib */,
			);
			path = View;
			sourceTree = "<group>";
		};
		849B475529F10E6A002E4C60 /* Other */ = {
			isa = PBXGroup;
			children = (
				849E7D102A11C2E700D1CAB1 /* Singleton */,
				849E7D0F2A11C2A000D1CAB1 /* Factory */,
				849E7D0D2A11C22900D1CAB1 /* Extension */,
				849E7D0E2A11C23B00D1CAB1 /* CustomUI */,
				849E7D112A11C2FE00D1CAB1 /* Tool */,
				84A3326F2A132A23005E9042 /* ZLCollectionViewFlowLayout */,
				84A0135C2A02593700D4139E /* MP3 */,
			);
			path = Other;
			sourceTree = "<group>";
		};
		849B475829F11A91002E4C60 /* ViewController */ = {
			isa = PBXGroup;
			children = (
				849B475F29F11E2D002E4C60 /* MenuViewController.swift */,
			);
			path = ViewController;
			sourceTree = "<group>";
		};
		849B476329F12113002E4C60 /* ViewModel */ = {
			isa = PBXGroup;
			children = (
				849B476429F12123002E4C60 /* MenuViewModel.swift */,
			);
			path = ViewModel;
			sourceTree = "<group>";
		};
		849B476A29F1271E002E4C60 /* Model */ = {
			isa = PBXGroup;
			children = (
				849B476B29F1272A002E4C60 /* MenuModel.swift */,
			);
			path = Model;
			sourceTree = "<group>";
		};
		849CA93D2A00A730008779B0 /* SQLite */ = {
			isa = PBXGroup;
			children = (
				849CA93E2A00A754008779B0 /* OrderSQLite.swift */,
				84A55DCA2A03AE630055C5A7 /* OrderSQLModel.swift */,
			);
			path = SQLite;
			sourceTree = "<group>";
		};
		849CA9432A00EED5008779B0 /* Server */ = {
			isa = PBXGroup;
			children = (
				849CA94A2A010200008779B0 /* ServerView.swift */,
				849CA94C2A01020E008779B0 /* ServerView.xib */,
				84A013582A022A4300D4139E /* ServiceHeaderView.swift */,
				84A0135A2A022B5900D4139E /* ServiceHeaderView.xib */,
				84A013672A025BE400D4139E /* RecordFooterView.swift */,
				84A013692A025BEB00D4139E /* RecordFooterView.xib */,
			);
			path = Server;
			sourceTree = "<group>";
		};
		849E7D0D2A11C22900D1CAB1 /* Extension */ = {
			isa = PBXGroup;
			children = (
				849B474F29F10E44002E4C60 /* NibOwnerLoadable.swift */,
				849B475329F10E54002E4C60 /* Extension.swift */,
				849FC40029FB6E9100A86794 /* ExtensionUI.swift */,
				849FC3FC29FB6DA400A86794 /* ExtensionRx.swift */,
				849FC3FE29FB6E3400A86794 /* ExtensionStoryboard.swift */,
				849CA9402A00D597008779B0 /* ExtensionUserDefaults.swift */,
			);
			path = Extension;
			sourceTree = "<group>";
		};
		849E7D0E2A11C23B00D1CAB1 /* CustomUI */ = {
			isa = PBXGroup;
			children = (
				849B475D29F11D8A002E4C60 /* NGSCustomizableButton.swift */,
				843B3E8329F9095B00FB3969 /* NGSCustomizableView.swift */,
				843B3E8929F90B4D00FB3969 /* NGSCustomizableImageView.swift */,
				849B476829F12612002E4C60 /* RoundCornersView.swift */,
			);
			path = CustomUI;
			sourceTree = "<group>";
		};
		849E7D0F2A11C2A000D1CAB1 /* Factory */ = {
			isa = PBXGroup;
			children = (
				849FB4F329F280FA002340F9 /* SystemInfo.swift */,
				849B475129F10E4C002E4C60 /* GlobalUtil.swift */,
				84A85FD42A0CD8E600E81D0C /* UrlSchemeFactory.swift */,
			);
			path = Factory;
			sourceTree = "<group>";
		};
		849E7D102A11C2E700D1CAB1 /* Singleton */ = {
			isa = PBXGroup;
			children = (
				849FB4ED29F23FF9002340F9 /* SuShiSingleton.swift */,
				8498F5CB29FBC41000FC23EB /* StarscreamWebSocketManager.swift */,
				84A5FAB129F6157100781C03 /* FireBaseManager.swift */,
			);
			path = Singleton;
			sourceTree = "<group>";
		};
		849E7D112A11C2FE00D1CAB1 /* Tool */ = {
			isa = PBXGroup;
			children = (
				849FB4EF29F24151002340F9 /* Validations.swift */,
				84AA819429F7A2C3009DA56D /* Zip4Sequence.swift */,
				84B2AF0329FB911000ABC4D9 /* Operators.swift */,
				849FC3ED29FB53F600A86794 /* TwToEng.swift */,
				849B23FD2A0E1FE3008C86C8 /* YouTubePlayer.swift */,
				841A7B4D2A0E21D7006330A8 /* YTPlayer.html */,
				84D99E502A11F85A00B998DF /* CollectionViewWaterfallLayout.swift */,
			);
			path = Tool;
			sourceTree = "<group>";
		};
		849E7D122A11C34D00D1CAB1 /* Player */ = {
			isa = PBXGroup;
			children = (
				849E7D132A11C35600D1CAB1 /* ViewController */,
				849E7D142A11C35F00D1CAB1 /* View */,
			);
			path = Player;
			sourceTree = "<group>";
		};
		849E7D132A11C35600D1CAB1 /* ViewController */ = {
			isa = PBXGroup;
			children = (
				849B23F52A0E0579008C86C8 /* PlayerViewController.swift */,
				849B23F62A0E0579008C86C8 /* PlayerViewController.xib */,
			);
			path = ViewController;
			sourceTree = "<group>";
		};
		849E7D142A11C35F00D1CAB1 /* View */ = {
			isa = PBXGroup;
			children = (
				849B23F92A0E1275008C86C8 /* PlayerView.swift */,
				849B23FB2A0E127E008C86C8 /* PlayerView.xib */,
			);
			path = View;
			sourceTree = "<group>";
		};
		849FB4E729F2277B002340F9 /* Menu */ = {
			isa = PBXGroup;
			children = (
				849B476329F12113002E4C60 /* ViewModel */,
				849B475829F11A91002E4C60 /* ViewController */,
				849B474E29F10E0E002E4C60 /* View */,
				849B476A29F1271E002E4C60 /* Model */,
			);
			path = Menu;
			sourceTree = "<group>";
		};
		849FB4E829F22780002340F9 /* Login */ = {
			isa = PBXGroup;
			children = (
				849FB4EA29F22790002340F9 /* ViewModel */,
				849FB4E929F22787002340F9 /* ViewController */,
				849FB4EC29F2279F002340F9 /* Model */,
			);
			path = Login;
			sourceTree = "<group>";
		};
		849FB4E929F22787002340F9 /* ViewController */ = {
			isa = PBXGroup;
			children = (
				849FB4DB29F2195B002340F9 /* LoginViewController.swift */,
				849FB4F129F27A44002340F9 /* LoginViewController.xib */,
			);
			path = ViewController;
			sourceTree = "<group>";
		};
		849FB4EA29F22790002340F9 /* ViewModel */ = {
			isa = PBXGroup;
			children = (
				849FB4E329F2274F002340F9 /* LoginViewModel.swift */,
			);
			path = ViewModel;
			sourceTree = "<group>";
		};
		849FB4EC29F2279F002340F9 /* Model */ = {
			isa = PBXGroup;
			children = (
				849FB4E529F22765002340F9 /* LoginModel.swift */,
			);
			path = Model;
			sourceTree = "<group>";
		};
		84A0135C2A02593700D4139E /* MP3 */ = {
			isa = PBXGroup;
			children = (
				84A013632A025A9400D4139E /* arrived.mp3 */,
				84A0135E2A02594300D4139E /* checkout.mp3 */,
				84A0135D2A02594200D4139E /* record.mp3 */,
				84A0135F2A02594300D4139E /* service.mp3 */,
			);
			path = MP3;
			sourceTree = "<group>";
		};
		84A25FA62A04B0290079996E /* Model */ = {
			isa = PBXGroup;
			children = (
				849CA93D2A00A730008779B0 /* SQLite */,
			);
			path = Model;
			sourceTree = "<group>";
		};
		84A25FA72A04B02F0079996E /* View */ = {
			isa = PBXGroup;
			children = (
				849CA9432A00EED5008779B0 /* Server */,
				84A4645B2A0A2863003ED6E0 /* BaseCollectionViewCell.swift */,
				84A25FAA2A04C70C0079996E /* BaseView.swift */,
				84A5FAB329F6352500781C03 /* ToastView.swift */,
				84C0EB5A29F28FE600B7D2CE /* CameraView.swift */,
				84C0EB5C29F2900100B7D2CE /* CameraView.xib */,
				84A85FD82A0CEC1F00E81D0C /* BannerTYCycleView.swift */,
				84A85FDA2A0CEC2A00E81D0C /* BannerTYCycleView.xib */,
				849B23EF2A0DDECB008C86C8 /* TYCycleCell.swift */,
				849B23F02A0DDECB008C86C8 /* TYCycleCell.xib */,
			);
			path = View;
			sourceTree = "<group>";
		};
		84A25FA82A04B0380079996E /* ViewController */ = {
			isa = PBXGroup;
			children = (
				84DDFE8429FA7DAC00EABFEE /* BaseNavViewController.swift */,
				849FB4DF29F21B1C002340F9 /* BaseViewController.swift */,
				84B2AF0929FBAB4900ABC4D9 /* WebViewViewController.swift */,
				84B2AF0A29FBAB4900ABC4D9 /* WebViewViewController.xib */,
			);
			path = ViewController;
			sourceTree = "<group>";
		};
		84A25FA92A04B03F0079996E /* ViewModel */ = {
			isa = PBXGroup;
			children = (
				84B2AF0729FB9ED000ABC4D9 /* BaseViewModel.swift */,
			);
			path = ViewModel;
			sourceTree = "<group>";
		};
		84A3326F2A132A23005E9042 /* ZLCollectionViewFlowLayout */ = {
			isa = PBXGroup;
			children = (
				84A332702A132A23005E9042 /* ZLCollectionBaseDecorationView.m */,
				84A332712A132A23005E9042 /* ZLCellFakeView.m */,
				84A332722A132A23005E9042 /* ZLCollectionViewLayoutAttributes.m */,
				84A332732A132A23005E9042 /* ZLBaseEventModel.h */,
				84A332742A132A23005E9042 /* ZLCollectionViewBackgroundViewLayoutAttributes.h */,
				84A332752A132A23005E9042 /* ZLCollectionViewVerticalLayout.h */,
				84A332762A132A23005E9042 /* ZLCollectionViewHorzontalLayout.m */,
				84A332772A132A23005E9042 /* ZLCollectionReusableView.m */,
				84A332782A132A23005E9042 /* ZLCollectionViewBaseFlowLayout.m */,
				84A332792A132A23005E9042 /* ZLCollectionViewLayoutAttributes.h */,
				84A3327A2A132A23005E9042 /* ZLCellFakeView.h */,
				84A3327B2A132A23005E9042 /* ZLCollectionBaseDecorationView.h */,
				84A3327C2A132A23005E9042 /* ZLCollectionViewBackgroundViewLayoutAttributes.m */,
				84A3327D2A132A23005E9042 /* ZLBaseEventModel.m */,
				84A3327E2A132A23005E9042 /* ZLCollectionReusableView.h */,
				84A3327F2A132A23005E9042 /* ZLCollectionViewHorzontalLayout.h */,
				84A332802A132A23005E9042 /* ZLCollectionViewVerticalLayout.m */,
				84A332812A132A23005E9042 /* ZLCollectionViewBaseFlowLayout.h */,
			);
			path = ZLCollectionViewFlowLayout;
			sourceTree = "<group>";
		};
		84A55DCD2A03B59E0055C5A7 /* ViewModel */ = {
			isa = PBXGroup;
			children = (
				84A55DCE2A03B5A80055C5A7 /* RecordViewModel.swift */,
			);
			path = ViewModel;
			sourceTree = "<group>";
		};
		84C0EB5129F28BA700B7D2CE /* Add */ = {
			isa = PBXGroup;
			children = (
				84C0EB5229F28BB700B7D2CE /* ViewModel */,
				84C0EB5329F28BBD00B7D2CE /* ViewController */,
			);
			path = Add;
			sourceTree = "<group>";
		};
		84C0EB5229F28BB700B7D2CE /* ViewModel */ = {
			isa = PBXGroup;
			children = (
				84C0EB5E29F2967000B7D2CE /* AddSushiViewModel.swift */,
			);
			path = ViewModel;
			sourceTree = "<group>";
		};
		84C0EB5329F28BBD00B7D2CE /* ViewController */ = {
			isa = PBXGroup;
			children = (
				84C0EB5629F28F0B00B7D2CE /* AddSushiViewController.swift */,
				84C0EB5729F28F0B00B7D2CE /* AddSushiViewController.xib */,
			);
			path = ViewController;
			sourceTree = "<group>";
		};
		84DDFE7529FA39F100EABFEE /* Record */ = {
			isa = PBXGroup;
			children = (
				84A55DCD2A03B59E0055C5A7 /* ViewModel */,
				84DDFE7729FA3A0F00EABFEE /* Controller */,
				84DDFE7629FA3A0C00EABFEE /* View */,
			);
			path = Record;
			sourceTree = "<group>";
		};
		84DDFE7629FA3A0C00EABFEE /* View */ = {
			isa = PBXGroup;
			children = (
				84DDFE7F29FA5EDD00EABFEE /* RecordTableViewCell.swift */,
				84DDFE8029FA5EDD00EABFEE /* RecordTableViewCell.xib */,
			);
			path = View;
			sourceTree = "<group>";
		};
		84DDFE7729FA3A0F00EABFEE /* Controller */ = {
			isa = PBXGroup;
			children = (
				84DDFE7929FA3A2200EABFEE /* RecordViewController.swift */,
				84DDFE7A29FA3A2200EABFEE /* RecordViewController.xib */,
			);
			path = Controller;
			sourceTree = "<group>";
		};
		84DDFE8329FA7D8B00EABFEE /* Base */ = {
			isa = PBXGroup;
			children = (
				84A25FA92A04B03F0079996E /* ViewModel */,
				84A25FA82A04B0380079996E /* ViewController */,
				84A25FA72A04B02F0079996E /* View */,
				84A25FA62A04B0290079996E /* Model */,
			);
			path = Base;
			sourceTree = "<group>";
		};
		F4EDA92F7F576E2BA06B9944 /* Pods */ = {
			isa = PBXGroup;
			children = (
				9C885B475CDE0C1EBF986587 /* Pods-Sushi.debug.xcconfig */,
				C85A19EA684BBF897C4BEBEF /* Pods-Sushi.release.xcconfig */,
				B76EC51EFCEFA6B4455C0384 /* Pods-Sushi-SushiUITests.debug.xcconfig */,
				7144797BA434190504EF2093 /* Pods-Sushi-SushiUITests.release.xcconfig */,
				5470DC83A478BDA252752B8B /* Pods-SushiTests.debug.xcconfig */,
				38AA86006685883A7C423889 /* Pods-SushiTests.release.xcconfig */,
			);
			path = Pods;
			sourceTree = "<group>";
		};
		FA2CAA6DB9E342DE13B7FBE2 /* Frameworks */ = {
			isa = PBXGroup;
			children = (
				2E1789481A2B1D64D36D2B93 /* Pods_Sushi.framework */,
				33E4AE337EF37E1B11BF1E89 /* Pods_Sushi_SushiUITests.framework */,
				381382C7FC6030484D9A4C99 /* Pods_SushiTests.framework */,
			);
			name = Frameworks;
			sourceTree = "<group>";
		};
/* End PBXGroup section */

/* Begin PBXNativeTarget section */
		849B471629F0E888002E4C60 /* Sushi */ = {
			isa = PBXNativeTarget;
			buildConfigurationList = 849B474129F0E889002E4C60 /* Build configuration list for PBXNativeTarget "Sushi" */;
			buildPhases = (
				F392F51E3E5DFB8394D3A1FF /* [CP] Check Pods Manifest.lock */,
				849B471329F0E888002E4C60 /* Sources */,
				849B471429F0E888002E4C60 /* Frameworks */,
				849B471529F0E888002E4C60 /* Resources */,
				F5D64E2E385B7CC389AC7400 /* [CP] Embed Pods Frameworks */,
			);
			buildRules = (
			);
			dependencies = (
			);
			name = Sushi;
			productName = Sushi;
			productReference = 849B471729F0E888002E4C60 /* Sushi.app */;
			productType = "com.apple.product-type.application";
		};
		849B472C29F0E889002E4C60 /* SushiTests */ = {
			isa = PBXNativeTarget;
			buildConfigurationList = 849B474429F0E889002E4C60 /* Build configuration list for PBXNativeTarget "SushiTests" */;
			buildPhases = (
				25F7BA40156382F2901418C9 /* [CP] Check Pods Manifest.lock */,
				849B472929F0E889002E4C60 /* Sources */,
				849B472A29F0E889002E4C60 /* Frameworks */,
				849B472B29F0E889002E4C60 /* Resources */,
			);
			buildRules = (
			);
			dependencies = (
				849B472F29F0E889002E4C60 /* PBXTargetDependency */,
			);
			name = SushiTests;
			productName = SushiTests;
			productReference = 849B472D29F0E889002E4C60 /* SushiTests.xctest */;
			productType = "com.apple.product-type.bundle.unit-test";
		};
		849B473629F0E889002E4C60 /* SushiUITests */ = {
			isa = PBXNativeTarget;
			buildConfigurationList = 849B474729F0E889002E4C60 /* Build configuration list for PBXNativeTarget "SushiUITests" */;
			buildPhases = (
				B8C69CA265C44B6FBF8016D8 /* [CP] Check Pods Manifest.lock */,
				849B473329F0E889002E4C60 /* Sources */,
				849B473429F0E889002E4C60 /* Frameworks */,
				849B473529F0E889002E4C60 /* Resources */,
				BFD0AE0D9662014173024697 /* [CP] Embed Pods Frameworks */,
			);
			buildRules = (
			);
			dependencies = (
				849B473929F0E889002E4C60 /* PBXTargetDependency */,
			);
			name = SushiUITests;
			productName = SushiUITests;
			productReference = 849B473729F0E889002E4C60 /* SushiUITests.xctest */;
			productType = "com.apple.product-type.bundle.ui-testing";
		};
/* End PBXNativeTarget section */

/* Begin PBXProject section */
		849B470F29F0E888002E4C60 /* Project object */ = {
			isa = PBXProject;
			attributes = {
				BuildIndependentTargetsInParallel = 1;
				LastSwiftUpdateCheck = 1430;
				LastUpgradeCheck = 1430;
				TargetAttributes = {
					849B471629F0E888002E4C60 = {
						CreatedOnToolsVersion = 14.3;
					};
					849B472C29F0E889002E4C60 = {
						CreatedOnToolsVersion = 14.3;
						TestTargetID = 849B471629F0E888002E4C60;
					};
					849B473629F0E889002E4C60 = {
						CreatedOnToolsVersion = 14.3;
						TestTargetID = 849B471629F0E888002E4C60;
					};
				};
			};
			buildConfigurationList = 849B471229F0E888002E4C60 /* Build configuration list for PBXProject "Sushi" */;
			compatibilityVersion = "Xcode 14.0";
			developmentRegion = en;
			hasScannedForEncodings = 0;
			knownRegions = (
				en,
				Base,
			);
			mainGroup = 849B470E29F0E888002E4C60;
			productRefGroup = 849B471829F0E888002E4C60 /* Products */;
			projectDirPath = "";
			projectRoot = "";
			targets = (
				849B471629F0E888002E4C60 /* Sushi */,
				849B472C29F0E889002E4C60 /* SushiTests */,
				849B473629F0E889002E4C60 /* SushiUITests */,
			);
		};
/* End PBXProject section */

/* Begin PBXResourcesBuildPhase section */
		849B471529F0E888002E4C60 /* Resources */ = {
			isa = PBXResourcesBuildPhase;
			buildActionMask = 2147483647;
			files = (
				84A85FDB2A0CEC2A00E81D0C /* BannerTYCycleView.xib in Resources */,
				84A013622A02594300D4139E /* service.mp3 in Resources */,
				849B472729F0E889002E4C60 /* LaunchScreen.storyboard in Resources */,
				843B3E8229F9019800FB3969 /* OrderListView.xib in Resources */,
				84A0135B2A022B5900D4139E /* ServiceHeaderView.xib in Resources */,
				84B2AF0C29FBAB4900ABC4D9 /* WebViewViewController.xib in Resources */,
				849B474D29F10E0A002E4C60 /* MenuInfoView.xib in Resources */,
				84C0EB5D29F2900100B7D2CE /* CameraView.xib in Resources */,
				849CA9392A009F89008779B0 /* MenuServiceView.xib in Resources */,
				849B472429F0E889002E4C60 /* Assets.xcassets in Resources */,
				849B475C29F11C8D002E4C60 /* MenuTitleCollectionViewCell.xib in Resources */,
				84AC6A1D2A08FAE500E629E8 /* SushiLinearCollectionViewCell.xib in Resources */,
				843B3E7929F8F06100FB3969 /* OrderViewController.xib in Resources */,
				849B472229F0E888002E4C60 /* Main.storyboard in Resources */,
				84DDFE8229FA5EDD00EABFEE /* RecordTableViewCell.xib in Resources */,
				84A013642A025A9400D4139E /* arrived.mp3 in Resources */,
				84A0136A2A025BEC00D4139E /* RecordFooterView.xib in Resources */,
				849B23F82A0E0579008C86C8 /* PlayerViewController.xib in Resources */,
				849FB4F229F27A44002340F9 /* LoginViewController.xib in Resources */,
				84A5FAB029F6140100781C03 /* GoogleService-Info.plist in Resources */,
				843B3E8829F90AEA00FB3969 /* OrderListCollectionViewCell.xib in Resources */,
				84A4645A2A0A0CF4003ED6E0 /* SushiContanerCollectionViewCell.xib in Resources */,
				84A013602A02594300D4139E /* record.mp3 in Resources */,
				849CA94D2A01020E008779B0 /* ServerView.xib in Resources */,
				84DDFE7C29FA3A2200EABFEE /* RecordViewController.xib in Resources */,
				849B477029F1344E002E4C60 /* SushiCollectionViewCell.xib in Resources */,
				849B23F22A0DDECB008C86C8 /* TYCycleCell.xib in Resources */,
				841A7B4E2A0E21D7006330A8 /* YTPlayer.html in Resources */,
				84C0EB5929F28F0B00B7D2CE /* AddSushiViewController.xib in Resources */,
				84A013612A02594300D4139E /* checkout.mp3 in Resources */,
				849B23FC2A0E127E008C86C8 /* PlayerView.xib in Resources */,
			);
			runOnlyForDeploymentPostprocessing = 0;
		};
		849B472B29F0E889002E4C60 /* Resources */ = {
			isa = PBXResourcesBuildPhase;
			buildActionMask = 2147483647;
			files = (
			);
			runOnlyForDeploymentPostprocessing = 0;
		};
		849B473529F0E889002E4C60 /* Resources */ = {
			isa = PBXResourcesBuildPhase;
			buildActionMask = 2147483647;
			files = (
			);
			runOnlyForDeploymentPostprocessing = 0;
		};
/* End PBXResourcesBuildPhase section */

/* Begin PBXShellScriptBuildPhase section */
		25F7BA40156382F2901418C9 /* [CP] Check Pods Manifest.lock */ = {
			isa = PBXShellScriptBuildPhase;
			buildActionMask = 2147483647;
			files = (
			);
			inputFileListPaths = (
			);
			inputPaths = (
				"${PODS_PODFILE_DIR_PATH}/Podfile.lock",
				"${PODS_ROOT}/Manifest.lock",
			);
			name = "[CP] Check Pods Manifest.lock";
			outputFileListPaths = (
			);
			outputPaths = (
				"$(DERIVED_FILE_DIR)/Pods-SushiTests-checkManifestLockResult.txt",
			);
			runOnlyForDeploymentPostprocessing = 0;
			shellPath = /bin/sh;
			shellScript = "diff \"${PODS_PODFILE_DIR_PATH}/Podfile.lock\" \"${PODS_ROOT}/Manifest.lock\" > /dev/null\nif [ $? != 0 ] ; then\n    # print error to STDERR\n    echo \"error: The sandbox is not in sync with the Podfile.lock. Run 'pod install' or update your CocoaPods installation.\" >&2\n    exit 1\nfi\n# This output is used by Xcode 'outputs' to avoid re-running this script phase.\necho \"SUCCESS\" > \"${SCRIPT_OUTPUT_FILE_0}\"\n";
			showEnvVarsInLog = 0;
		};
		B8C69CA265C44B6FBF8016D8 /* [CP] Check Pods Manifest.lock */ = {
			isa = PBXShellScriptBuildPhase;
			buildActionMask = 2147483647;
			files = (
			);
			inputFileListPaths = (
			);
			inputPaths = (
				"${PODS_PODFILE_DIR_PATH}/Podfile.lock",
				"${PODS_ROOT}/Manifest.lock",
			);
			name = "[CP] Check Pods Manifest.lock";
			outputFileListPaths = (
			);
			outputPaths = (
				"$(DERIVED_FILE_DIR)/Pods-Sushi-SushiUITests-checkManifestLockResult.txt",
			);
			runOnlyForDeploymentPostprocessing = 0;
			shellPath = /bin/sh;
			shellScript = "diff \"${PODS_PODFILE_DIR_PATH}/Podfile.lock\" \"${PODS_ROOT}/Manifest.lock\" > /dev/null\nif [ $? != 0 ] ; then\n    # print error to STDERR\n    echo \"error: The sandbox is not in sync with the Podfile.lock. Run 'pod install' or update your CocoaPods installation.\" >&2\n    exit 1\nfi\n# This output is used by Xcode 'outputs' to avoid re-running this script phase.\necho \"SUCCESS\" > \"${SCRIPT_OUTPUT_FILE_0}\"\n";
			showEnvVarsInLog = 0;
		};
		BFD0AE0D9662014173024697 /* [CP] Embed Pods Frameworks */ = {
			isa = PBXShellScriptBuildPhase;
			buildActionMask = 2147483647;
			files = (
			);
			inputFileListPaths = (
				"${PODS_ROOT}/Target Support Files/Pods-Sushi-SushiUITests/Pods-Sushi-SushiUITests-frameworks-${CONFIGURATION}-input-files.xcfilelist",
			);
			name = "[CP] Embed Pods Frameworks";
			outputFileListPaths = (
				"${PODS_ROOT}/Target Support Files/Pods-Sushi-SushiUITests/Pods-Sushi-SushiUITests-frameworks-${CONFIGURATION}-output-files.xcfilelist",
			);
			runOnlyForDeploymentPostprocessing = 0;
			shellPath = /bin/sh;
			shellScript = "\"${PODS_ROOT}/Target Support Files/Pods-Sushi-SushiUITests/Pods-Sushi-SushiUITests-frameworks.sh\"\n";
			showEnvVarsInLog = 0;
		};
		F392F51E3E5DFB8394D3A1FF /* [CP] Check Pods Manifest.lock */ = {
			isa = PBXShellScriptBuildPhase;
			buildActionMask = 2147483647;
			files = (
			);
			inputFileListPaths = (
			);
			inputPaths = (
				"${PODS_PODFILE_DIR_PATH}/Podfile.lock",
				"${PODS_ROOT}/Manifest.lock",
			);
			name = "[CP] Check Pods Manifest.lock";
			outputFileListPaths = (
			);
			outputPaths = (
				"$(DERIVED_FILE_DIR)/Pods-Sushi-checkManifestLockResult.txt",
			);
			runOnlyForDeploymentPostprocessing = 0;
			shellPath = /bin/sh;
			shellScript = "diff \"${PODS_PODFILE_DIR_PATH}/Podfile.lock\" \"${PODS_ROOT}/Manifest.lock\" > /dev/null\nif [ $? != 0 ] ; then\n    # print error to STDERR\n    echo \"error: The sandbox is not in sync with the Podfile.lock. Run 'pod install' or update your CocoaPods installation.\" >&2\n    exit 1\nfi\n# This output is used by Xcode 'outputs' to avoid re-running this script phase.\necho \"SUCCESS\" > \"${SCRIPT_OUTPUT_FILE_0}\"\n";
			showEnvVarsInLog = 0;
		};
		F5D64E2E385B7CC389AC7400 /* [CP] Embed Pods Frameworks */ = {
			isa = PBXShellScriptBuildPhase;
			buildActionMask = 2147483647;
			files = (
			);
			inputFileListPaths = (
				"${PODS_ROOT}/Target Support Files/Pods-Sushi/Pods-Sushi-frameworks-${CONFIGURATION}-input-files.xcfilelist",
			);
			name = "[CP] Embed Pods Frameworks";
			outputFileListPaths = (
				"${PODS_ROOT}/Target Support Files/Pods-Sushi/Pods-Sushi-frameworks-${CONFIGURATION}-output-files.xcfilelist",
			);
			runOnlyForDeploymentPostprocessing = 0;
			shellPath = /bin/sh;
			shellScript = "\"${PODS_ROOT}/Target Support Files/Pods-Sushi/Pods-Sushi-frameworks.sh\"\n";
			showEnvVarsInLog = 0;
		};
/* End PBXShellScriptBuildPhase section */

/* Begin PBXSourcesBuildPhase section */
		849B471329F0E888002E4C60 /* Sources */ = {
			isa = PBXSourcesBuildPhase;
			buildActionMask = 2147483647;
			files = (
				849B475229F10E4C002E4C60 /* GlobalUtil.swift in Sources */,
				84B2AF0829FB9ED000ABC4D9 /* BaseViewModel.swift in Sources */,
				849CA93F2A00A754008779B0 /* OrderSQLite.swift in Sources */,
				8498F5CC29FBC41000FC23EB /* StarscreamWebSocketManager.swift in Sources */,
				84AA819529F7A2C3009DA56D /* Zip4Sequence.swift in Sources */,
				84DDFE8129FA5EDD00EABFEE /* RecordTableViewCell.swift in Sources */,
				849B23F12A0DDECB008C86C8 /* TYCycleCell.swift in Sources */,
				84A332862A132A23005E9042 /* ZLCollectionReusableView.m in Sources */,
				849B476029F11E2D002E4C60 /* MenuViewController.swift in Sources */,
				849B471F29F0E888002E4C60 /* ViewController.swift in Sources */,
				84A332832A132A23005E9042 /* ZLCellFakeView.m in Sources */,
				84A332872A132A23005E9042 /* ZLCollectionViewBaseFlowLayout.m in Sources */,
				849B476529F12123002E4C60 /* MenuViewModel.swift in Sources */,
				84C0EB5F29F2967000B7D2CE /* AddSushiViewModel.swift in Sources */,
				849CA9412A00D597008779B0 /* ExtensionUserDefaults.swift in Sources */,
				849B475429F10E54002E4C60 /* Extension.swift in Sources */,
				84AC6A1C2A08FAE500E629E8 /* SushiLinearCollectionViewCell.swift in Sources */,
				84A85FD52A0CD8E600E81D0C /* UrlSchemeFactory.swift in Sources */,
				849FB4E629F22765002340F9 /* LoginModel.swift in Sources */,
				849FC3FF29FB6E3400A86794 /* ExtensionStoryboard.swift in Sources */,
				849B474B29F10E01002E4C60 /* MenuInfoView.swift in Sources */,
				84A332842A132A23005E9042 /* ZLCollectionViewLayoutAttributes.m in Sources */,
				843B3E8429F9095B00FB3969 /* NGSCustomizableView.swift in Sources */,
				84A013592A022A4300D4139E /* ServiceHeaderView.swift in Sources */,
				84A332882A132A23005E9042 /* ZLCollectionViewBackgroundViewLayoutAttributes.m in Sources */,
				849FC40129FB6E9100A86794 /* ExtensionUI.swift in Sources */,
				849CA94B2A010200008779B0 /* ServerView.swift in Sources */,
				849B476929F12612002E4C60 /* RoundCornersView.swift in Sources */,
				849B23FE2A0E1FE3008C86C8 /* YouTubePlayer.swift in Sources */,
				849FC3FD29FB6DA400A86794 /* ExtensionRx.swift in Sources */,
				843B3E8A29F90B4D00FB3969 /* NGSCustomizableImageView.swift in Sources */,
				84B2AF0429FB911000ABC4D9 /* Operators.swift in Sources */,
				849FB4E029F21B1C002340F9 /* BaseViewController.swift in Sources */,
				849FC3EE29FB53F600A86794 /* TwToEng.swift in Sources */,
				843B3E8729F90AEA00FB3969 /* OrderListCollectionViewCell.swift in Sources */,
				84A332822A132A23005E9042 /* ZLCollectionBaseDecorationView.m in Sources */,
				843B3E7829F8F06100FB3969 /* OrderViewController.swift in Sources */,
				84A464592A0A0CF4003ED6E0 /* SushiContanerCollectionViewCell.swift in Sources */,
				84A55DCB2A03AE630055C5A7 /* OrderSQLModel.swift in Sources */,
				849B23FA2A0E1275008C86C8 /* PlayerView.swift in Sources */,
				84A332852A132A23005E9042 /* ZLCollectionViewHorzontalLayout.m in Sources */,
				849B23F72A0E0579008C86C8 /* PlayerViewController.swift in Sources */,
				84A5FAB229F6157100781C03 /* FireBaseManager.swift in Sources */,
				84A4645C2A0A2863003ED6E0 /* BaseCollectionViewCell.swift in Sources */,
				849B471B29F0E888002E4C60 /* AppDelegate.swift in Sources */,
				84DDFE7B29FA3A2200EABFEE /* RecordViewController.swift in Sources */,
				84A332892A132A23005E9042 /* ZLBaseEventModel.m in Sources */,
				849FB4F429F280FA002340F9 /* SystemInfo.swift in Sources */,
				84B2AF0B29FBAB4900ABC4D9 /* WebViewViewController.swift in Sources */,
				84A25FAB2A04C70C0079996E /* BaseView.swift in Sources */,
				849B476229F11E75002E4C60 /* MenuViews.swift in Sources */,
				849B471D29F0E888002E4C60 /* SceneDelegate.swift in Sources */,
				849B476C29F1272A002E4C60 /* MenuModel.swift in Sources */,
				84D99E512A11F85A00B998DF /* CollectionViewWaterfallLayout.swift in Sources */,
				843B3E8029F9019000FB3969 /* OrderListView.swift in Sources */,
				84A5FAB429F6352500781C03 /* ToastView.swift in Sources */,
				849B475E29F11D8A002E4C60 /* NGSCustomizableButton.swift in Sources */,
				84A55DCF2A03B5A80055C5A7 /* RecordViewModel.swift in Sources */,
				84A3328A2A132A23005E9042 /* ZLCollectionViewVerticalLayout.m in Sources */,
				84C0EB5B29F28FE600B7D2CE /* CameraView.swift in Sources */,
				84C0EB5829F28F0B00B7D2CE /* AddSushiViewController.swift in Sources */,
				849FB4DD29F2195B002340F9 /* LoginViewController.swift in Sources */,
				849FB4EE29F23FF9002340F9 /* SuShiSingleton.swift in Sources */,
				849B475B29F11C8D002E4C60 /* MenuTitleCollectionViewCell.swift in Sources */,
				84DDFE8529FA7DAC00EABFEE /* BaseNavViewController.swift in Sources */,
				849B476F29F1344E002E4C60 /* SushiCollectionViewCell.swift in Sources */,
				849FB4E429F2274F002340F9 /* LoginViewModel.swift in Sources */,
				849CA9372A009F82008779B0 /* MenuServiceView.swift in Sources */,
				849FB4F029F24151002340F9 /* Validations.swift in Sources */,
				84A013682A025BE400D4139E /* RecordFooterView.swift in Sources */,
				849B475029F10E44002E4C60 /* NibOwnerLoadable.swift in Sources */,
				843B3E7729F8F06100FB3969 /* OrderViewModel.swift in Sources */,
				84A85FD92A0CEC1F00E81D0C /* BannerTYCycleView.swift in Sources */,
			);
			runOnlyForDeploymentPostprocessing = 0;
		};
		849B472929F0E889002E4C60 /* Sources */ = {
			isa = PBXSourcesBuildPhase;
			buildActionMask = 2147483647;
			files = (
				849B473229F0E889002E4C60 /* SushiTests.swift in Sources */,
			);
			runOnlyForDeploymentPostprocessing = 0;
		};
		849B473329F0E889002E4C60 /* Sources */ = {
			isa = PBXSourcesBuildPhase;
			buildActionMask = 2147483647;
			files = (
				849B473C29F0E889002E4C60 /* SushiUITests.swift in Sources */,
				849B473E29F0E889002E4C60 /* SushiUITestsLaunchTests.swift in Sources */,
			);
			runOnlyForDeploymentPostprocessing = 0;
		};
/* End PBXSourcesBuildPhase section */

/* Begin PBXTargetDependency section */
		849B472F29F0E889002E4C60 /* PBXTargetDependency */ = {
			isa = PBXTargetDependency;
			target = 849B471629F0E888002E4C60 /* Sushi */;
			targetProxy = 849B472E29F0E889002E4C60 /* PBXContainerItemProxy */;
		};
		849B473929F0E889002E4C60 /* PBXTargetDependency */ = {
			isa = PBXTargetDependency;
			target = 849B471629F0E888002E4C60 /* Sushi */;
			targetProxy = 849B473829F0E889002E4C60 /* PBXContainerItemProxy */;
		};
/* End PBXTargetDependency section */

/* Begin PBXVariantGroup section */
		849B472029F0E888002E4C60 /* Main.storyboard */ = {
			isa = PBXVariantGroup;
			children = (
				849B472129F0E888002E4C60 /* Base */,
			);
			name = Main.storyboard;
			sourceTree = "<group>";
		};
		849B472529F0E889002E4C60 /* LaunchScreen.storyboard */ = {
			isa = PBXVariantGroup;
			children = (
				849B472629F0E889002E4C60 /* Base */,
			);
			name = LaunchScreen.storyboard;
			sourceTree = "<group>";
		};
/* End PBXVariantGroup section */

/* Begin XCBuildConfiguration section */
		849B473F29F0E889002E4C60 /* Debug */ = {
			isa = XCBuildConfiguration;
			buildSettings = {
				ALWAYS_SEARCH_USER_PATHS = NO;
				CLANG_ANALYZER_NONNULL = YES;
				CLANG_ANALYZER_NUMBER_OBJECT_CONVERSION = YES_AGGRESSIVE;
				CLANG_CXX_LANGUAGE_STANDARD = "gnu++20";
				CLANG_ENABLE_MODULES = YES;
				CLANG_ENABLE_OBJC_ARC = YES;
				CLANG_ENABLE_OBJC_WEAK = YES;
				CLANG_WARN_BLOCK_CAPTURE_AUTORELEASING = YES;
				CLANG_WARN_BOOL_CONVERSION = YES;
				CLANG_WARN_COMMA = YES;
				CLANG_WARN_CONSTANT_CONVERSION = YES;
				CLANG_WARN_DEPRECATED_OBJC_IMPLEMENTATIONS = YES;
				CLANG_WARN_DIRECT_OBJC_ISA_USAGE = YES_ERROR;
				CLANG_WARN_DOCUMENTATION_COMMENTS = YES;
				CLANG_WARN_EMPTY_BODY = YES;
				CLANG_WARN_ENUM_CONVERSION = YES;
				CLANG_WARN_INFINITE_RECURSION = YES;
				CLANG_WARN_INT_CONVERSION = YES;
				CLANG_WARN_NON_LITERAL_NULL_CONVERSION = YES;
				CLANG_WARN_OBJC_IMPLICIT_RETAIN_SELF = YES;
				CLANG_WARN_OBJC_LITERAL_CONVERSION = YES;
				CLANG_WARN_OBJC_ROOT_CLASS = YES_ERROR;
				CLANG_WARN_QUOTED_INCLUDE_IN_FRAMEWORK_HEADER = YES;
				CLANG_WARN_RANGE_LOOP_ANALYSIS = YES;
				CLANG_WARN_STRICT_PROTOTYPES = YES;
				CLANG_WARN_SUSPICIOUS_MOVE = YES;
				CLANG_WARN_UNGUARDED_AVAILABILITY = YES_AGGRESSIVE;
				CLANG_WARN_UNREACHABLE_CODE = YES;
				CLANG_WARN__DUPLICATE_METHOD_MATCH = YES;
				COPY_PHASE_STRIP = NO;
				DEBUG_INFORMATION_FORMAT = dwarf;
				ENABLE_STRICT_OBJC_MSGSEND = YES;
				ENABLE_TESTABILITY = YES;
				GCC_C_LANGUAGE_STANDARD = gnu11;
				GCC_DYNAMIC_NO_PIC = NO;
				GCC_NO_COMMON_BLOCKS = YES;
				GCC_OPTIMIZATION_LEVEL = 0;
				GCC_PREPROCESSOR_DEFINITIONS = (
					"DEBUG=1",
					"$(inherited)",
				);
				GCC_WARN_64_TO_32_BIT_CONVERSION = YES;
				GCC_WARN_ABOUT_RETURN_TYPE = YES_ERROR;
				GCC_WARN_UNDECLARED_SELECTOR = YES;
				GCC_WARN_UNINITIALIZED_AUTOS = YES_AGGRESSIVE;
				GCC_WARN_UNUSED_FUNCTION = YES;
				GCC_WARN_UNUSED_VARIABLE = YES;
				IPHONEOS_DEPLOYMENT_TARGET = 13.0;
				MTL_ENABLE_DEBUG_INFO = INCLUDE_SOURCE;
				MTL_FAST_MATH = YES;
				ONLY_ACTIVE_ARCH = YES;
				SDKROOT = iphoneos;
				SWIFT_ACTIVE_COMPILATION_CONDITIONS = DEBUG;
				SWIFT_OPTIMIZATION_LEVEL = "-Onone";
			};
			name = Debug;
		};
		849B474029F0E889002E4C60 /* Release */ = {
			isa = XCBuildConfiguration;
			buildSettings = {
				ALWAYS_SEARCH_USER_PATHS = NO;
				CLANG_ANALYZER_NONNULL = YES;
				CLANG_ANALYZER_NUMBER_OBJECT_CONVERSION = YES_AGGRESSIVE;
				CLANG_CXX_LANGUAGE_STANDARD = "gnu++20";
				CLANG_ENABLE_MODULES = YES;
				CLANG_ENABLE_OBJC_ARC = YES;
				CLANG_ENABLE_OBJC_WEAK = YES;
				CLANG_WARN_BLOCK_CAPTURE_AUTORELEASING = YES;
				CLANG_WARN_BOOL_CONVERSION = YES;
				CLANG_WARN_COMMA = YES;
				CLANG_WARN_CONSTANT_CONVERSION = YES;
				CLANG_WARN_DEPRECATED_OBJC_IMPLEMENTATIONS = YES;
				CLANG_WARN_DIRECT_OBJC_ISA_USAGE = YES_ERROR;
				CLANG_WARN_DOCUMENTATION_COMMENTS = YES;
				CLANG_WARN_EMPTY_BODY = YES;
				CLANG_WARN_ENUM_CONVERSION = YES;
				CLANG_WARN_INFINITE_RECURSION = YES;
				CLANG_WARN_INT_CONVERSION = YES;
				CLANG_WARN_NON_LITERAL_NULL_CONVERSION = YES;
				CLANG_WARN_OBJC_IMPLICIT_RETAIN_SELF = YES;
				CLANG_WARN_OBJC_LITERAL_CONVERSION = YES;
				CLANG_WARN_OBJC_ROOT_CLASS = YES_ERROR;
				CLANG_WARN_QUOTED_INCLUDE_IN_FRAMEWORK_HEADER = YES;
				CLANG_WARN_RANGE_LOOP_ANALYSIS = YES;
				CLANG_WARN_STRICT_PROTOTYPES = YES;
				CLANG_WARN_SUSPICIOUS_MOVE = YES;
				CLANG_WARN_UNGUARDED_AVAILABILITY = YES_AGGRESSIVE;
				CLANG_WARN_UNREACHABLE_CODE = YES;
				CLANG_WARN__DUPLICATE_METHOD_MATCH = YES;
				COPY_PHASE_STRIP = NO;
				DEBUG_INFORMATION_FORMAT = "dwarf-with-dsym";
				ENABLE_NS_ASSERTIONS = NO;
				ENABLE_STRICT_OBJC_MSGSEND = YES;
				GCC_C_LANGUAGE_STANDARD = gnu11;
				GCC_NO_COMMON_BLOCKS = YES;
				GCC_WARN_64_TO_32_BIT_CONVERSION = YES;
				GCC_WARN_ABOUT_RETURN_TYPE = YES_ERROR;
				GCC_WARN_UNDECLARED_SELECTOR = YES;
				GCC_WARN_UNINITIALIZED_AUTOS = YES_AGGRESSIVE;
				GCC_WARN_UNUSED_FUNCTION = YES;
				GCC_WARN_UNUSED_VARIABLE = YES;
				IPHONEOS_DEPLOYMENT_TARGET = 13.0;
				MTL_ENABLE_DEBUG_INFO = NO;
				MTL_FAST_MATH = YES;
				SDKROOT = iphoneos;
				SWIFT_COMPILATION_MODE = wholemodule;
				SWIFT_OPTIMIZATION_LEVEL = "-O";
				VALIDATE_PRODUCT = YES;
			};
			name = Release;
		};
		849B474229F0E889002E4C60 /* Debug */ = {
			isa = XCBuildConfiguration;
			baseConfigurationReference = 9C885B475CDE0C1EBF986587 /* Pods-Sushi.debug.xcconfig */;
			buildSettings = {
				ASSETCATALOG_COMPILER_APPICON_NAME = AppIcon;
				ASSETCATALOG_COMPILER_GLOBAL_ACCENT_COLOR_NAME = AccentColor;
				CODE_SIGN_STYLE = Automatic;
				CURRENT_PROJECT_VERSION = 1;
				DEVELOPMENT_TEAM = MM8C3J2A56;
				GENERATE_INFOPLIST_FILE = YES;
				INFOPLIST_FILE = Sushi/Info.plist;
				INFOPLIST_KEY_CFBundleDisplayName = "N多壽司";
				INFOPLIST_KEY_NSCameraUsageDescription = "是否授权使用相机？";
				INFOPLIST_KEY_NSPhotoLibraryUsageDescription = "需要使用您的相册";
				INFOPLIST_KEY_UIApplicationSupportsIndirectInputEvents = YES;
				INFOPLIST_KEY_UILaunchStoryboardName = LaunchScreen;
				INFOPLIST_KEY_UIMainStoryboardFile = Main;
				INFOPLIST_KEY_UISupportedInterfaceOrientations = "UIInterfaceOrientationLandscapeLeft UIInterfaceOrientationLandscapeRight UIInterfaceOrientationPortrait";
				LD_RUNPATH_SEARCH_PATHS = (
					"$(inherited)",
					"@executable_path/Frameworks",
				);
				MARKETING_VERSION = 1.0;
				PRODUCT_BUNDLE_IDENTIFIER = xxx.hira.230420.Sushi;
				PRODUCT_NAME = "$(TARGET_NAME)";
				SWIFT_EMIT_LOC_STRINGS = YES;
				SWIFT_OBJC_BRIDGING_HEADER = Sushi/SushiBridgeHeader.h;
				SWIFT_VERSION = 5.0;
				TARGETED_DEVICE_FAMILY = "1,2";
			};
			name = Debug;
		};
		849B474329F0E889002E4C60 /* Release */ = {
			isa = XCBuildConfiguration;
			baseConfigurationReference = C85A19EA684BBF897C4BEBEF /* Pods-Sushi.release.xcconfig */;
			buildSettings = {
				ASSETCATALOG_COMPILER_APPICON_NAME = AppIcon;
				ASSETCATALOG_COMPILER_GLOBAL_ACCENT_COLOR_NAME = AccentColor;
				CODE_SIGN_STYLE = Automatic;
				CURRENT_PROJECT_VERSION = 1;
				DEVELOPMENT_TEAM = MM8C3J2A56;
				GENERATE_INFOPLIST_FILE = YES;
				INFOPLIST_FILE = Sushi/Info.plist;
				INFOPLIST_KEY_CFBundleDisplayName = "N多壽司";
				INFOPLIST_KEY_NSCameraUsageDescription = "是否授权使用相机？";
				INFOPLIST_KEY_NSPhotoLibraryUsageDescription = "需要使用您的相册";
				INFOPLIST_KEY_UIApplicationSupportsIndirectInputEvents = YES;
				INFOPLIST_KEY_UILaunchStoryboardName = LaunchScreen;
				INFOPLIST_KEY_UIMainStoryboardFile = Main;
				INFOPLIST_KEY_UISupportedInterfaceOrientations = "UIInterfaceOrientationLandscapeLeft UIInterfaceOrientationLandscapeRight UIInterfaceOrientationPortrait";
				LD_RUNPATH_SEARCH_PATHS = (
					"$(inherited)",
					"@executable_path/Frameworks",
				);
				MARKETING_VERSION = 1.0;
				PRODUCT_BUNDLE_IDENTIFIER = xxx.hira.230420.Sushi;
				PRODUCT_NAME = "$(TARGET_NAME)";
				SWIFT_EMIT_LOC_STRINGS = YES;
				SWIFT_OBJC_BRIDGING_HEADER = Sushi/SushiBridgeHeader.h;
				SWIFT_VERSION = 5.0;
				TARGETED_DEVICE_FAMILY = "1,2";
			};
			name = Release;
		};
		849B474529F0E889002E4C60 /* Debug */ = {
			isa = XCBuildConfiguration;
			baseConfigurationReference = 5470DC83A478BDA252752B8B /* Pods-SushiTests.debug.xcconfig */;
			buildSettings = {
				ALWAYS_EMBED_SWIFT_STANDARD_LIBRARIES = YES;
				BUNDLE_LOADER = "$(TEST_HOST)";
				CODE_SIGN_STYLE = Automatic;
				CURRENT_PROJECT_VERSION = 1;
				DEVELOPMENT_TEAM = MM8C3J2A56;
				GENERATE_INFOPLIST_FILE = YES;
				IPHONEOS_DEPLOYMENT_TARGET = 16.4;
				MARKETING_VERSION = 1.0;
				PRODUCT_BUNDLE_IDENTIFIER = xxx.hira.230420.SushiTests;
				PRODUCT_NAME = "$(TARGET_NAME)";
				SWIFT_EMIT_LOC_STRINGS = NO;
				SWIFT_VERSION = 5.0;
				TARGETED_DEVICE_FAMILY = "1,2";
				TEST_HOST = "$(BUILT_PRODUCTS_DIR)/Sushi.app/$(BUNDLE_EXECUTABLE_FOLDER_PATH)/Sushi";
			};
			name = Debug;
		};
		849B474629F0E889002E4C60 /* Release */ = {
			isa = XCBuildConfiguration;
			baseConfigurationReference = 38AA86006685883A7C423889 /* Pods-SushiTests.release.xcconfig */;
			buildSettings = {
				ALWAYS_EMBED_SWIFT_STANDARD_LIBRARIES = YES;
				BUNDLE_LOADER = "$(TEST_HOST)";
				CODE_SIGN_STYLE = Automatic;
				CURRENT_PROJECT_VERSION = 1;
				DEVELOPMENT_TEAM = MM8C3J2A56;
				GENERATE_INFOPLIST_FILE = YES;
				IPHONEOS_DEPLOYMENT_TARGET = 16.4;
				MARKETING_VERSION = 1.0;
				PRODUCT_BUNDLE_IDENTIFIER = xxx.hira.230420.SushiTests;
				PRODUCT_NAME = "$(TARGET_NAME)";
				SWIFT_EMIT_LOC_STRINGS = NO;
				SWIFT_VERSION = 5.0;
				TARGETED_DEVICE_FAMILY = "1,2";
				TEST_HOST = "$(BUILT_PRODUCTS_DIR)/Sushi.app/$(BUNDLE_EXECUTABLE_FOLDER_PATH)/Sushi";
			};
			name = Release;
		};
		849B474829F0E889002E4C60 /* Debug */ = {
			isa = XCBuildConfiguration;
			baseConfigurationReference = B76EC51EFCEFA6B4455C0384 /* Pods-Sushi-SushiUITests.debug.xcconfig */;
			buildSettings = {
				ALWAYS_EMBED_SWIFT_STANDARD_LIBRARIES = YES;
				CODE_SIGN_STYLE = Automatic;
				CURRENT_PROJECT_VERSION = 1;
				DEVELOPMENT_TEAM = MM8C3J2A56;
				GENERATE_INFOPLIST_FILE = YES;
				MARKETING_VERSION = 1.0;
				PRODUCT_BUNDLE_IDENTIFIER = xxx.hira.230420.SushiUITests;
				PRODUCT_NAME = "$(TARGET_NAME)";
				SWIFT_EMIT_LOC_STRINGS = NO;
				SWIFT_VERSION = 5.0;
				TARGETED_DEVICE_FAMILY = "1,2";
				TEST_TARGET_NAME = Sushi;
			};
			name = Debug;
		};
		849B474929F0E889002E4C60 /* Release */ = {
			isa = XCBuildConfiguration;
			baseConfigurationReference = 7144797BA434190504EF2093 /* Pods-Sushi-SushiUITests.release.xcconfig */;
			buildSettings = {
				ALWAYS_EMBED_SWIFT_STANDARD_LIBRARIES = YES;
				CODE_SIGN_STYLE = Automatic;
				CURRENT_PROJECT_VERSION = 1;
				DEVELOPMENT_TEAM = MM8C3J2A56;
				GENERATE_INFOPLIST_FILE = YES;
				MARKETING_VERSION = 1.0;
				PRODUCT_BUNDLE_IDENTIFIER = xxx.hira.230420.SushiUITests;
				PRODUCT_NAME = "$(TARGET_NAME)";
				SWIFT_EMIT_LOC_STRINGS = NO;
				SWIFT_VERSION = 5.0;
				TARGETED_DEVICE_FAMILY = "1,2";
				TEST_TARGET_NAME = Sushi;
			};
			name = Release;
		};
/* End XCBuildConfiguration section */

/* Begin XCConfigurationList section */
		849B471229F0E888002E4C60 /* Build configuration list for PBXProject "Sushi" */ = {
			isa = XCConfigurationList;
			buildConfigurations = (
				849B473F29F0E889002E4C60 /* Debug */,
				849B474029F0E889002E4C60 /* Release */,
			);
			defaultConfigurationIsVisible = 0;
			defaultConfigurationName = Release;
		};
		849B474129F0E889002E4C60 /* Build configuration list for PBXNativeTarget "Sushi" */ = {
			isa = XCConfigurationList;
			buildConfigurations = (
				849B474229F0E889002E4C60 /* Debug */,
				849B474329F0E889002E4C60 /* Release */,
			);
			defaultConfigurationIsVisible = 0;
			defaultConfigurationName = Release;
		};
		849B474429F0E889002E4C60 /* Build configuration list for PBXNativeTarget "SushiTests" */ = {
			isa = XCConfigurationList;
			buildConfigurations = (
				849B474529F0E889002E4C60 /* Debug */,
				849B474629F0E889002E4C60 /* Release */,
			);
			defaultConfigurationIsVisible = 0;
			defaultConfigurationName = Release;
		};
		849B474729F0E889002E4C60 /* Build configuration list for PBXNativeTarget "SushiUITests" */ = {
			isa = XCConfigurationList;
			buildConfigurations = (
				849B474829F0E889002E4C60 /* Debug */,
				849B474929F0E889002E4C60 /* Release */,
			);
			defaultConfigurationIsVisible = 0;
			defaultConfigurationName = Release;
		};
/* End XCConfigurationList section */
	};
	rootObject = 849B470F29F0E888002E4C60 /* Project object */;
}
